Microsoft Visual Studio Solution File, Format Version 12.00
# Visual Studio 14
VisualStudioVersion = 14.0.22823.1
MinimumVisualStudioVersion = 10.0.40219.1
Project("{FAE04EC0-301F-11D3-BF4B-00C04F79EFBC}") = "ClientLibrary", "ClientLibrary\ClientLibrary.csproj", "{25D58BA5-660F-407B-803C-22B4547C09DC}"
EndProject
Project("{FAE04EC0-301F-11D3-BF4B-00C04F79EFBC}") = "ConsoleApplication1", "ConsoleApplication1\ConsoleApplication1.csproj", "{75429DC6-4C46-4809-8B18-271BD7840290}"
EndProject
Project("{FAE04EC0-301F-11D3-BF4B-00C04F79EFBC}") = "WpfTest01", "WpfTest01\WpfTest01.csproj", "{7E5BFC34-1CD3-4B0E-8001-37AFA485C48D}"
EndProject
Project("{2150E333-8FDC-42A3-9474-1A3956D46DE8}") = "0 Client Libs", "0 Client Libs", "{136453C8-9E76-4A32-92A9-E7AAFB2AFC76}"
EndProject
Project("{2150E333-8FDC-42A3-9474-1A3956D46DE8}") = "1 Sample App", "1 Sample App", "{3F2FDB09-61FE-4C78-8019-39F8F66B31B7}"
EndProject
Project("{2150E333-8FDC-42A3-9474-1A3956D46DE8}") = "2 Event", "2 Event", "{5A4DC54F-18D4-4D39-82DC-74E20275CC0E}"
EndProject
Project("{FAE04EC0-301F-11D3-BF4B-00C04F79EFBC}") = "ConsoleApplication2", "ConsoleApplication2\ConsoleApplication2.csproj", "{10ECA166-4667-4AB7-BCB2-6E8A58EC59EE}"
EndProject
Global
	GlobalSection(SolutionConfigurationPlatforms) = preSolution
		Debug|Any CPU = Debug|Any CPU
		Release|Any CPU = Release|Any CPU
	EndGlobalSection
	GlobalSection(ProjectConfigurationPlatforms) = postSolution
		{25D58BA5-660F-407B-803C-22B4547C09DC}.Debug|Any CPU.ActiveCfg = Debug|Any CPU
		{25D58BA5-660F-407B-803C-22B4547C09DC}.Debug|Any CPU.Build.0 = Debug|Any CPU
		{25D58BA5-660F-407B-803C-22B4547C09DC}.Release|Any CPU.ActiveCfg = Release|Any CPU
		{25D58BA5-660F-407B-803C-22B4547C09DC}.Release|Any CPU.Build.0 = Release|Any CPU
		{75429DC6-4C46-4809-8B18-271BD7840290}.Debug|Any CPU.ActiveCfg = Debug|Any CPU
		{75429DC6-4C46-4809-8B18-271BD7840290}.Debug|Any CPU.Build.0 = Debug|Any CPU
		{75429DC6-4C46-4809-8B18-271BD7840290}.Release|Any CPU.ActiveCfg = Release|Any CPU
		{75429DC6-4C46-4809-8B18-271BD7840290}.Release|Any CPU.Build.0 = Release|Any CPU
		{7E5BFC34-1CD3-4B0E-8001-37AFA485C48D}.Debug|Any CPU.ActiveCfg = Debug|Any CPU
		{7E5BFC34-1CD3-4B0E-8001-37AFA485C48D}.Debug|Any CPU.Build.0 = Debug|Any CPU
		{7E5BFC34-1CD3-4B0E-8001-37AFA485C48D}.Release|Any CPU.ActiveCfg = Release|Any CPU
		{7E5BFC34-1CD3-4B0E-8001-37AFA485C48D}.Release|Any CPU.Build.0 = Release|Any CPU
		{10ECA166-4667-4AB7-BCB2-6E8A58EC59EE}.Debug|Any CPU.ActiveCfg = Debug|Any CPU
		{10ECA166-4667-4AB7-BCB2-6E8A58EC59EE}.Debug|Any CPU.Build.0 = Debug|Any CPU
		{10ECA166-4667-4AB7-BCB2-6E8A58EC59EE}.Release|Any CPU.ActiveCfg = Release|Any CPU
		{10ECA166-4667-4AB7-BCB2-6E8A58EC59EE}.Release|Any CPU.Build.0 = Release|Any CPU
	EndGlobalSection
	GlobalSection(SolutionProperties) = preSolution
		HideSolutionNode = FALSE
	EndGlobalSection
	GlobalSection(NestedProjects) = preSolution
		{25D58BA5-660F-407B-803C-22B4547C09DC} = {136453C8-9E76-4A32-92A9-E7AAFB2AFC76}
		{75429DC6-4C46-4809-8B18-271BD7840290} = {3F2FDB09-61FE-4C78-8019-39F8F66B31B7}
		{7E5BFC34-1CD3-4B0E-8001-37AFA485C48D} = {3F2FDB09-61FE-4C78-8019-39F8F66B31B7}
		{10ECA166-4667-4AB7-BCB2-6E8A58EC59EE} = {5A4DC54F-18D4-4D39-82DC-74E20275CC0E}
	EndGlobalSection
	GlobalSection( ) = preSolution
	EndGlobalSection
EndGlobal
