
Microsoft Visual Studio Solution File, Format Version 12.00
# Visual Studio Version 17
VisualStudioVersion = 17.0.31815.197
MinimumVisualStudioVersion = 10.0.40219.1
Project("{9A19103F-16F7-4668-BE54-9A1E7A4F7556}") = "Labs_ListWebCams", "Labs_ListWebCams\Labs_ListWebCams.csproj", "{0D0270CA-1B67-461F-956F-4A102724D321}"
EndProject
Project("{9A19103F-16F7-4668-BE54-9A1E7A4F7556}") = "Labs_AddText", "Labs_AddText\Labs_AddText.csproj", "{7A8BFF6F-6AF3-45C1-8F12-C45D870380E9}"
EndProject
Project("{9A19103F-16F7-4668-BE54-9A1E7A4F7556}") = "Demo02_WebCamEffects", "Demo02_WebCamEffects\Demo02_WebCamEffects.csproj", "{A00C2446-D435-4BCE-8FAA-17E4B0D40F8E}"
EndProject
Project("{9A19103F-16F7-4668-BE54-9A1E7A4F7556}") = "Demo01_WebCam", "Demo01_WebCam\Demo01_WebCam.csproj", "{F6A40E9B-9F0F-4D69-BACA-181A948F8079}"
EndProject
Project("{9A19103F-16F7-4668-BE54-9A1E7A4F7556}") = "Demo03_WinFormTakePhoto", "Demo03_WinFormTakePhoto\Demo03_WinFormTakePhoto.csproj", "{5AE09E73-5989-49D5-8195-13E1F87D50CD}"
EndProject
Project("{9A19103F-16F7-4668-BE54-9A1E7A4F7556}") = "Demo04_WinFormLiveCamFPS", "Demo04_WinFormLiveCamFPS\Demo04_WinFormLiveCamFPS.csproj", "{836AE679-6A5C-47FC-B3A4-44CE8CAAA21D}"
EndProject
Project("{2150E333-8FDC-42A3-9474-1A3956D46DE8}") = "99 Labs", "99 Labs", "{E7F5029A-6AED-466B-8594-B7C15A62F88E}"
EndProject
Project("{9A19103F-16F7-4668-BE54-9A1E7A4F7556}") = "Demo10_CannyImage", "Demo10_CannyImage\Demo10_CannyImage.csproj", "{724D4837-9046-4D7B-9887-BD94257ECCD3}"
EndProject
Project("{9A19103F-16F7-4668-BE54-9A1E7A4F7556}") = "Demo11_ImageEffects", "Demo11_ImageEffects\Demo11_ImageEffects.csproj", "{F1A36AE1-C392-4B5A-A28D-CF5284876A50}"
EndProject
Project("{9A19103F-16F7-4668-BE54-9A1E7A4F7556}") = "Demo20_FaceDetectionOpenCVWindow", "Demo20_FaceDetectionOpenCVWindow\Demo20_FaceDetectionOpenCVWindow.csproj", "{D40585D6-82D3-4A63-BEE0-69D461A15982}"
EndProject
Project("{2150E333-8FDC-42A3-9474-1A3956D46DE8}") = "10 WebCam", "10 WebCam", "{7EB8B95E-FA3C-4FA7-8AA8-462566449D25}"
EndProject
Project("{2150E333-8FDC-42A3-9474-1A3956D46DE8}") = "01 Images", "01 Images", "{10632775-96D8-466A-A777-9AB031E4583E}"
EndProject
Project("{9A19103F-16F7-4668-BE54-9A1E7A4F7556}") = "Demo21_WinFormFaceDetectionCascades", "Demo21_WinFormFaceDetectionCascades\Demo21_WinFormFaceDetectionCascades.csproj", "{041FFF37-92AD-4CD1-B016-D5AB48D5879F}"
EndProject
Project("{9A19103F-16F7-4668-BE54-9A1E7A4F7556}") = "Demo22_WinFormFaceDetectionDNN", "Demo22_WinFormFaceDetectionDNN\Demo22_WinFormFaceDetectionDNN.csproj", "{C4858C1B-D21E-45BB-92DF-4391DB2734F1}"
EndProject
Project("{9A19103F-16F7-4668-BE54-9A1E7A4F7556}") = "Demo23_WinFormFaceDetectionCascadesVsDnn", "Demo23_WinFormFaceDetectionCascadesVsDnn\Demo23_WinFormFaceDetectionCascadesVsDnn.csproj", "{4590B169-E658-4BDD-85E1-D83B9798C6DA}"
EndProject
Project("{9A19103F-16F7-4668-BE54-9A1E7A4F7556}") = "Demo24_WinFormAgeAndGender", "Demo24_WinFormAgeAndGender\Demo24_WinFormAgeAndGender.csproj", "{1ECC2CB8-E29E-4196-812B-9135875FF1F7}"
EndProject
Project("{9A19103F-16F7-4668-BE54-9A1E7A4F7556}") = "Demo25_WinFormGoogleNet", "Demo25_WinFormGoogleNet\Demo25_WinFormGoogleNet.csproj", "{E348E922-A0F3-4A83-B3D8-F06A869F2860}"
EndProject
Project("{9A19103F-16F7-4668-BE54-9A1E7A4F7556}") = "Demo26_WinFormPoseNet", "Demo26_WinFormPoseNet\Demo26_WinFormPoseNet.csproj", "{7E68BBBC-541D-458E-9A7D-162BA7C7377C}"
EndProject
Project("{9A19103F-16F7-4668-BE54-9A1E7A4F7556}") = "Demo27_WinFormCarSpeedCascade", "Demo27_WinFormCarSpeedCascade\Demo27_WinFormCarSpeedCascade.csproj", "{7C9E26B3-78D8-4B84-975B-F1A9A972FB57}"
EndProject
Project("{9A19103F-16F7-4668-BE54-9A1E7A4F7556}") = "Demo28_WinFormCarDetectionCascadesVsDnn", "Demo28_WinFormCarDetectionCascadesVsDnn\Demo28_WinFormCarDetectionCascadesVsDnn.csproj", "{F70A6E16-6270-40E8-B055-6D9E6C141F5A}"
EndProject
Project("{9A19103F-16F7-4668-BE54-9A1E7A4F7556}") = "Demo30_FaceDetectionDnnOpenCVWindow", "Demo30_FaceDetectionDnnOpenCVWindow\Demo30_FaceDetectionDnnOpenCVWindow.csproj", "{69E1AA6E-6849-4970-BA54-C1A08531CBB2}"
EndProject
Project("{9A19103F-16F7-4668-BE54-9A1E7A4F7556}") = "Demo31_PersonDetector", "Demo31_PersonDetector\Demo31_PersonDetector.csproj", "{ABB43B7D-ECFF-47D4-A5A2-25963D340879}"
EndProject
Project("{9A19103F-16F7-4668-BE54-9A1E7A4F7556}") = "Demo32_BananaFace", "Demo32_BananaFace\Demo32_BananaFace.csproj", "{75AFD790-9DC0-4A16-9CD5-3A48C4CBE75D}"
EndProject
Project("{9A19103F-16F7-4668-BE54-9A1E7A4F7556}") = "Demo33_HandPose", "Demo33_HandPose\Demo33_HandPose.csproj", "{AD5D10FC-0554-4078-AE11-2C3BAA8E2F01}"
EndProject
Project("{9A19103F-16F7-4668-BE54-9A1E7A4F7556}") = "Demo29_ConsoleSaveVideoFrames", "Demo29_ConsoleSaveVideoFrames\Demo29_ConsoleSaveVideoFrames.csproj", "{1B81B356-3AF7-4BB1-B2A5-FC326CDD8BF8}"
EndProject
Project("{2150E333-8FDC-42A3-9474-1A3956D46DE8}") = "20 Computer Vision WinForms", "20 Computer Vision WinForms", "{74E4616B-FBA7-427A-B987-C5271A3143DB}"
EndProject
Project("{2150E333-8FDC-42A3-9474-1A3956D46DE8}") = "30 Computer Vision OpenCV", "30 Computer Vision OpenCV", "{1AEEC200-805D-41BF-ADB9-FECED42F25A7}"
EndProject
Project("{2150E333-8FDC-42A3-9474-1A3956D46DE8}") = "25 Computer Vision on Video", "25 Computer Vision on Video", "{7BA937E0-876F-410A-BAD9-1E05E140FC1B}"
EndProject
Project("{9A19103F-16F7-4668-BE54-9A1E7A4F7556}") = "Labs_Resize", "Labs_Resize\Labs_Resize.csproj", "{1A9B4FC1-B615-4873-92AD-A0ED22F49FA4}"
EndProject
Project("{9A19103F-16F7-4668-BE54-9A1E7A4F7556}") = "Labs_ConvertToGrayscale", "Labs_ConvertToGrayscale\Labs_ConvertToGrayscale.csproj", "{DC94317A-DF65-4D2D-91F9-8A2F112381D3}"
EndProject
Project("{9A19103F-16F7-4668-BE54-9A1E7A4F7556}") = "Labs_Yolo3", "Labs_Yolo3\Labs_Yolo3.csproj", "{12095119-36F3-44A8-A6E4-3B5ED37C9A20}"
EndProject
Project("{9A19103F-16F7-4668-BE54-9A1E7A4F7556}") = "Labs_Overlay", "Labs_Overlay\Labs_Overlay.csproj", "{634E0D3D-129D-4DD3-946E-248708A874D7}"
EndProject
Project("{9A19103F-16F7-4668-BE54-9A1E7A4F7556}") = "Labs_WebCam", "Labs_WebCam\Labs_WebCam.csproj", "{8D5A26B6-ED87-4A87-ACE0-56052762B140}"
EndProject
Project("{9A19103F-16F7-4668-BE54-9A1E7A4F7556}") = "Labs_ShowImage", "Labs_ShowImage\Labs_ShowImage.csproj", "{4A903554-8E04-42D7-8160-B2DA1D77AE78}"
EndProject
Project("{FAE04EC0-301F-11D3-BF4B-00C04F79EFBC}") = "Labs_IPCam", "Labs_IPCam\Labs_IPCam.csproj", "{79AEB169-FB51-4C16-A0C1-4F9D8CA643CC}"
EndProject
Project("{2150E333-8FDC-42A3-9474-1A3956D46DE8}") = "50 Event", "50 Event", "{65DB4B9A-9539-4B58-B324-63A8BC8D97F8}"
EndProject
Project("{FAE04EC0-301F-11D3-BF4B-00C04F79EFBC}") = "Labs_YoloV3WebCam", "Labs_YoloV3WebCam\Labs_YoloV3WebCam.csproj", "{A4A60D28-A85B-47B6-BDE9-6446D1FED8A4}"
EndProject
Project("{FAE04EC0-301F-11D3-BF4B-00C04F79EFBC}") = "Event_VideoFile", "Event_VideoFile\Event_VideoFile.csproj", "{146AC365-CC03-4164-8172-1DB81F35DD52}"
EndProject
Project("{FAE04EC0-301F-11D3-BF4B-00C04F79EFBC}") = "Labs_Crop", "Labs_Crop\Labs_Crop.csproj", "{ADABD819-86AD-44DA-8A73-032C9CB86817}"
EndProject
Project("{FAE04EC0-301F-11D3-BF4B-00C04F79EFBC}") = "Labs_OCR", "Labs_OCR\Labs_OCR.csproj", "{0CF9E669-BD39-4724-9530-6A00831DDE62}"
EndProject
Project("{FAE04EC0-301F-11D3-BF4B-00C04F79EFBC}") = "Event_Demo", "Event_Demo\Event_Demo.csproj", "{2EC833D6-AF70-471A-AA77-A21C6F90171D}"
EndProject
Global
	GlobalSection(SolutionConfigurationPlatforms) = preSolution
		Debug|Any CPU = Debug|Any CPU
		Release|Any CPU = Release|Any CPU
	EndGlobalSection
	GlobalSection(ProjectConfigurationPlatforms) = postSolution
		{0D0270CA-1B67-461F-956F-4A102724D321}.Debug|Any CPU.ActiveCfg = Debug|Any CPU
		{0D0270CA-1B67-461F-956F-4A102724D321}.Debug|Any CPU.Build.0 = Debug|Any CPU
		{0D0270CA-1B67-461F-956F-4A102724D321}.Release|Any CPU.ActiveCfg = Release|Any CPU
		{0D0270CA-1B67-461F-956F-4A102724D321}.Release|Any CPU.Build.0 = Release|Any CPU
		{7A8BFF6F-6AF3-45C1-8F12-C45D870380E9}.Debug|Any CPU.ActiveCfg = Debug|Any CPU
		{7A8BFF6F-6AF3-45C1-8F12-C45D870380E9}.Debug|Any CPU.Build.0 = Debug|Any CPU
		{7A8BFF6F-6AF3-45C1-8F12-C45D870380E9}.Release|Any CPU.ActiveCfg = Release|Any CPU
		{7A8BFF6F-6AF3-45C1-8F12-C45D870380E9}.Release|Any CPU.Build.0 = Release|Any CPU
		{A00C2446-D435-4BCE-8FAA-17E4B0D40F8E}.Debug|Any CPU.ActiveCfg = Debug|Any CPU
		{A00C2446-D435-4BCE-8FAA-17E4B0D40F8E}.Debug|Any CPU.Build.0 = Debug|Any CPU
		{A00C2446-D435-4BCE-8FAA-17E4B0D40F8E}.Release|Any CPU.ActiveCfg = Release|Any CPU
		{A00C2446-D435-4BCE-8FAA-17E4B0D40F8E}.Release|Any CPU.Build.0 = Release|Any CPU
		{F6A40E9B-9F0F-4D69-BACA-181A948F8079}.Debug|Any CPU.ActiveCfg = Debug|Any CPU
		{F6A40E9B-9F0F-4D69-BACA-181A948F8079}.Debug|Any CPU.Build.0 = Debug|Any CPU
		{F6A40E9B-9F0F-4D69-BACA-181A948F8079}.Release|Any CPU.ActiveCfg = Release|Any CPU
		{F6A40E9B-9F0F-4D69-BACA-181A948F8079}.Release|Any CPU.Build.0 = Release|Any CPU
		{5AE09E73-5989-49D5-8195-13E1F87D50CD}.Debug|Any CPU.ActiveCfg = Debug|Any CPU
		{5AE09E73-5989-49D5-8195-13E1F87D50CD}.Debug|Any CPU.Build.0 = Debug|Any CPU
		{5AE09E73-5989-49D5-8195-13E1F87D50CD}.Release|Any CPU.ActiveCfg = Release|Any CPU
		{5AE09E73-5989-49D5-8195-13E1F87D50CD}.Release|Any CPU.Build.0 = Release|Any CPU
		{836AE679-6A5C-47FC-B3A4-44CE8CAAA21D}.Debug|Any CPU.ActiveCfg = Debug|Any CPU
		{836AE679-6A5C-47FC-B3A4-44CE8CAAA21D}.Debug|Any CPU.Build.0 = Debug|Any CPU
		{836AE679-6A5C-47FC-B3A4-44CE8CAAA21D}.Release|Any CPU.ActiveCfg = Release|Any CPU
		{836AE679-6A5C-47FC-B3A4-44CE8CAAA21D}.Release|Any CPU.Build.0 = Release|Any CPU
		{724D4837-9046-4D7B-9887-BD94257ECCD3}.Debug|Any CPU.ActiveCfg = Debug|Any CPU
		{724D4837-9046-4D7B-9887-BD94257ECCD3}.Debug|Any CPU.Build.0 = Debug|Any CPU
		{724D4837-9046-4D7B-9887-BD94257ECCD3}.Release|Any CPU.ActiveCfg = Release|Any CPU
		{724D4837-9046-4D7B-9887-BD94257ECCD3}.Release|Any CPU.Build.0 = Release|Any CPU
		{F1A36AE1-C392-4B5A-A28D-CF5284876A50}.Debug|Any CPU.ActiveCfg = Debug|Any CPU
		{F1A36AE1-C392-4B5A-A28D-CF5284876A50}.Debug|Any CPU.Build.0 = Debug|Any CPU
		{F1A36AE1-C392-4B5A-A28D-CF5284876A50}.Release|Any CPU.ActiveCfg = Release|Any CPU
		{F1A36AE1-C392-4B5A-A28D-CF5284876A50}.Release|Any CPU.Build.0 = Release|Any CPU
		{D40585D6-82D3-4A63-BEE0-69D461A15982}.Debug|Any CPU.ActiveCfg = Debug|Any CPU
		{D40585D6-82D3-4A63-BEE0-69D461A15982}.Debug|Any CPU.Build.0 = Debug|Any CPU
		{D40585D6-82D3-4A63-BEE0-69D461A15982}.Release|Any CPU.ActiveCfg = Release|Any CPU
		{D40585D6-82D3-4A63-BEE0-69D461A15982}.Release|Any CPU.Build.0 = Release|Any CPU
		{041FFF37-92AD-4CD1-B016-D5AB48D5879F}.Debug|Any CPU.ActiveCfg = Debug|Any CPU
		{041FFF37-92AD-4CD1-B016-D5AB48D5879F}.Debug|Any CPU.Build.0 = Debug|Any CPU
		{041FFF37-92AD-4CD1-B016-D5AB48D5879F}.Release|Any CPU.ActiveCfg = Release|Any CPU
		{041FFF37-92AD-4CD1-B016-D5AB48D5879F}.Release|Any CPU.Build.0 = Release|Any CPU
		{C4858C1B-D21E-45BB-92DF-4391DB2734F1}.Debug|Any CPU.ActiveCfg = Debug|Any CPU
		{C4858C1B-D21E-45BB-92DF-4391DB2734F1}.Debug|Any CPU.Build.0 = Debug|Any CPU
		{C4858C1B-D21E-45BB-92DF-4391DB2734F1}.Release|Any CPU.ActiveCfg = Release|Any CPU
		{C4858C1B-D21E-45BB-92DF-4391DB2734F1}.Release|Any CPU.Build.0 = Release|Any CPU
		{4590B169-E658-4BDD-85E1-D83B9798C6DA}.Debug|Any CPU.ActiveCfg = Debug|Any CPU
		{4590B169-E658-4BDD-85E1-D83B9798C6DA}.Debug|Any CPU.Build.0 = Debug|Any CPU
		{4590B169-E658-4BDD-85E1-D83B9798C6DA}.Release|Any CPU.ActiveCfg = Release|Any CPU
		{4590B169-E658-4BDD-85E1-D83B9798C6DA}.Release|Any CPU.Build.0 = Release|Any CPU
		{1ECC2CB8-E29E-4196-812B-9135875FF1F7}.Debug|Any CPU.ActiveCfg = Debug|Any CPU
		{1ECC2CB8-E29E-4196-812B-9135875FF1F7}.Debug|Any CPU.Build.0 = Debug|Any CPU
		{1ECC2CB8-E29E-4196-812B-9135875FF1F7}.Release|Any CPU.ActiveCfg = Release|Any CPU
		{1ECC2CB8-E29E-4196-812B-9135875FF1F7}.Release|Any CPU.Build.0 = Release|Any CPU
		{E348E922-A0F3-4A83-B3D8-F06A869F2860}.Debug|Any CPU.ActiveCfg = Debug|Any CPU
		{E348E922-A0F3-4A83-B3D8-F06A869F2860}.Debug|Any CPU.Build.0 = Debug|Any CPU
		{E348E922-A0F3-4A83-B3D8-F06A869F2860}.Release|Any CPU.ActiveCfg = Release|Any CPU
		{E348E922-A0F3-4A83-B3D8-F06A869F2860}.Release|Any CPU.Build.0 = Release|Any CPU
		{7E68BBBC-541D-458E-9A7D-162BA7C7377C}.Debug|Any CPU.ActiveCfg = Debug|Any CPU
		{7E68BBBC-541D-458E-9A7D-162BA7C7377C}.Debug|Any CPU.Build.0 = Debug|Any CPU
		{7E68BBBC-541D-458E-9A7D-162BA7C7377C}.Release|Any CPU.ActiveCfg = Release|Any CPU
		{7E68BBBC-541D-458E-9A7D-162BA7C7377C}.Release|Any CPU.Build.0 = Release|Any CPU
		{7C9E26B3-78D8-4B84-975B-F1A9A972FB57}.Debug|Any CPU.ActiveCfg = Debug|Any CPU
		{7C9E26B3-78D8-4B84-975B-F1A9A972FB57}.Debug|Any CPU.Build.0 = Debug|Any CPU
		{7C9E26B3-78D8-4B84-975B-F1A9A972FB57}.Release|Any CPU.ActiveCfg = Release|Any CPU
		{7C9E26B3-78D8-4B84-975B-F1A9A972FB57}.Release|Any CPU.Build.0 = Release|Any CPU
		{F70A6E16-6270-40E8-B055-6D9E6C141F5A}.Debug|Any CPU.ActiveCfg = Debug|Any CPU
		{F70A6E16-6270-40E8-B055-6D9E6C141F5A}.Debug|Any CPU.Build.0 = Debug|Any CPU
		{F70A6E16-6270-40E8-B055-6D9E6C141F5A}.Release|Any CPU.ActiveCfg = Release|Any CPU
		{F70A6E16-6270-40E8-B055-6D9E6C141F5A}.Release|Any CPU.Build.0 = Release|Any CPU
		{69E1AA6E-6849-4970-BA54-C1A08531CBB2}.Debug|Any CPU.ActiveCfg = Debug|Any CPU
		{69E1AA6E-6849-4970-BA54-C1A08531CBB2}.Debug|Any CPU.Build.0 = Debug|Any CPU
		{69E1AA6E-6849-4970-BA54-C1A08531CBB2}.Release|Any CPU.ActiveCfg = Release|Any CPU
		{69E1AA6E-6849-4970-BA54-C1A08531CBB2}.Release|Any CPU.Build.0 = Release|Any CPU
		{ABB43B7D-ECFF-47D4-A5A2-25963D340879}.Debug|Any CPU.ActiveCfg = Debug|Any CPU
		{ABB43B7D-ECFF-47D4-A5A2-25963D340879}.Debug|Any CPU.Build.0 = Debug|Any CPU
		{ABB43B7D-ECFF-47D4-A5A2-25963D340879}.Release|Any CPU.ActiveCfg = Release|Any CPU
		{ABB43B7D-ECFF-47D4-A5A2-25963D340879}.Release|Any CPU.Build.0 = Release|Any CPU
		{75AFD790-9DC0-4A16-9CD5-3A48C4CBE75D}.Debug|Any CPU.ActiveCfg = Debug|Any CPU
		{75AFD790-9DC0-4A16-9CD5-3A48C4CBE75D}.Debug|Any CPU.Build.0 = Debug|Any CPU
		{75AFD790-9DC0-4A16-9CD5-3A48C4CBE75D}.Release|Any CPU.ActiveCfg = Release|Any CPU
		{75AFD790-9DC0-4A16-9CD5-3A48C4CBE75D}.Release|Any CPU.Build.0 = Release|Any CPU
		{AD5D10FC-0554-4078-AE11-2C3BAA8E2F01}.Debug|Any CPU.ActiveCfg = Debug|Any CPU
		{AD5D10FC-0554-4078-AE11-2C3BAA8E2F01}.Debug|Any CPU.Build.0 = Debug|Any CPU
		{AD5D10FC-0554-4078-AE11-2C3BAA8E2F01}.Release|Any CPU.ActiveCfg = Release|Any CPU
		{AD5D10FC-0554-4078-AE11-2C3BAA8E2F01}.Release|Any CPU.Build.0 = Release|Any CPU
		{1B81B356-3AF7-4BB1-B2A5-FC326CDD8BF8}.Debug|Any CPU.ActiveCfg = Debug|Any CPU
		{1B81B356-3AF7-4BB1-B2A5-FC326CDD8BF8}.Debug|Any CPU.Build.0 = Debug|Any CPU
		{1B81B356-3AF7-4BB1-B2A5-FC326CDD8BF8}.Release|Any CPU.ActiveCfg = Release|Any CPU
		{1B81B356-3AF7-4BB1-B2A5-FC326CDD8BF8}.Release|Any CPU.Build.0 = Release|Any CPU
		{1A9B4FC1-B615-4873-92AD-A0ED22F49FA4}.Debug|Any CPU.ActiveCfg = Debug|Any CPU
		{1A9B4FC1-B615-4873-92AD-A0ED22F49FA4}.Debug|Any CPU.Build.0 = Debug|Any CPU
		{1A9B4FC1-B615-4873-92AD-A0ED22F49FA4}.Release|Any CPU.ActiveCfg = Release|Any CPU
		{1A9B4FC1-B615-4873-92AD-A0ED22F49FA4}.Release|Any CPU.Build.0 = Release|Any CPU
		{DC94317A-DF65-4D2D-91F9-8A2F112381D3}.Debug|Any CPU.ActiveCfg = Debug|Any CPU
		{DC94317A-DF65-4D2D-91F9-8A2F112381D3}.Debug|Any CPU.Build.0 = Debug|Any CPU
		{DC94317A-DF65-4D2D-91F9-8A2F112381D3}.Release|Any CPU.ActiveCfg = Release|Any CPU
		{DC94317A-DF65-4D2D-91F9-8A2F112381D3}.Release|Any CPU.Build.0 = Release|Any CPU
		{12095119-36F3-44A8-A6E4-3B5ED37C9A20}.Debug|Any CPU.ActiveCfg = Debug|Any CPU
		{12095119-36F3-44A8-A6E4-3B5ED37C9A20}.Debug|Any CPU.Build.0 = Debug|Any CPU
		{12095119-36F3-44A8-A6E4-3B5ED37C9A20}.Release|Any CPU.ActiveCfg = Release|Any CPU
		{12095119-36F3-44A8-A6E4-3B5ED37C9A20}.Release|Any CPU.Build.0 = Release|Any CPU
		{634E0D3D-129D-4DD3-946E-248708A874D7}.Debug|Any CPU.ActiveCfg = Debug|Any CPU
		{634E0D3D-129D-4DD3-946E-248708A874D7}.Debug|Any CPU.Build.0 = Debug|Any CPU
		{634E0D3D-129D-4DD3-946E-248708A874D7}.Release|Any CPU.ActiveCfg = Release|Any CPU
		{634E0D3D-129D-4DD3-946E-248708A874D7}.Release|Any CPU.Build.0 = Release|Any CPU
		{8D5A26B6-ED87-4A87-ACE0-56052762B140}.Debug|Any CPU.ActiveCfg = Debug|Any CPU
		{8D5A26B6-ED87-4A87-ACE0-56052762B140}.Debug|Any CPU.Build.0 = Debug|Any CPU
		{8D5A26B6-ED87-4A87-ACE0-56052762B140}.Release|Any CPU.ActiveCfg = Release|Any CPU
		{8D5A26B6-ED87-4A87-ACE0-56052762B140}.Release|Any CPU.Build.0 = Release|Any CPU
		{4A903554-8E04-42D7-8160-B2DA1D77AE78}.Debug|Any CPU.ActiveCfg = Debug|Any CPU
		{4A903554-8E04-42D7-8160-B2DA1D77AE78}.Debug|Any CPU.Build.0 = Debug|Any CPU
		{4A903554-8E04-42D7-8160-B2DA1D77AE78}.Release|Any CPU.ActiveCfg = Release|Any CPU
		{4A903554-8E04-42D7-8160-B2DA1D77AE78}.Release|Any CPU.Build.0 = Release|Any CPU
		{79AEB169-FB51-4C16-A0C1-4F9D8CA643CC}.Debug|Any CPU.ActiveCfg = Debug|Any CPU
		{79AEB169-FB51-4C16-A0C1-4F9D8CA643CC}.Debug|Any CPU.Build.0 = Debug|Any CPU
		{79AEB169-FB51-4C16-A0C1-4F9D8CA643CC}.Release|Any CPU.ActiveCfg = Release|Any CPU
		{79AEB169-FB51-4C16-A0C1-4F9D8CA643CC}.Release|Any CPU.Build.0 = Release|Any CPU
		{A4A60D28-A85B-47B6-BDE9-6446D1FED8A4}.Debug|Any CPU.ActiveCfg = Debug|Any CPU
		{A4A60D28-A85B-47B6-BDE9-6446D1FED8A4}.Debug|Any CPU.Build.0 = Debug|Any CPU
		{A4A60D28-A85B-47B6-BDE9-6446D1FED8A4}.Release|Any CPU.ActiveCfg = Release|Any CPU
		{A4A60D28-A85B-47B6-BDE9-6446D1FED8A4}.Release|Any CPU.Build.0 = Release|Any CPU
		{146AC365-CC03-4164-8172-1DB81F35DD52}.Debug|Any CPU.ActiveCfg = Debug|Any CPU
		{146AC365-CC03-4164-8172-1DB81F35DD52}.Debug|Any CPU.Build.0 = Debug|Any CPU
		{146AC365-CC03-4164-8172-1DB81F35DD52}.Release|Any CPU.ActiveCfg = Release|Any CPU
		{146AC365-CC03-4164-8172-1DB81F35DD52}.Release|Any CPU.Build.0 = Release|Any CPU
		{ADABD819-86AD-44DA-8A73-032C9CB86817}.Debug|Any CPU.ActiveCfg = Debug|Any CPU
		{ADABD819-86AD-44DA-8A73-032C9CB86817}.Debug|Any CPU.Build.0 = Debug|Any CPU
		{ADABD819-86AD-44DA-8A73-032C9CB86817}.Release|Any CPU.ActiveCfg = Release|Any CPU
		{ADABD819-86AD-44DA-8A73-032C9CB86817}.Release|Any CPU.Build.0 = Release|Any CPU
		{0CF9E669-BD39-4724-9530-6A00831DDE62}.Debug|Any CPU.ActiveCfg = Debug|Any CPU
		{0CF9E669-BD39-4724-9530-6A00831DDE62}.Debug|Any CPU.Build.0 = Debug|Any CPU
		{0CF9E669-BD39-4724-9530-6A00831DDE62}.Release|Any CPU.ActiveCfg = Release|Any CPU
		{0CF9E669-BD39-4724-9530-6A00831DDE62}.Release|Any CPU.Build.0 = Release|Any CPU
		{2EC833D6-AF70-471A-AA77-A21C6F90171D}.Debug|Any CPU.ActiveCfg = Debug|Any CPU
		{2EC833D6-AF70-471A-AA77-A21C6F90171D}.Debug|Any CPU.Build.0 = Debug|Any CPU
		{2EC833D6-AF70-471A-AA77-A21C6F90171D}.Release|Any CPU.ActiveCfg = Release|Any CPU
		{2EC833D6-AF70-471A-AA77-A21C6F90171D}.Release|Any CPU.Build.0 = Release|Any CPU
	EndGlobalSection
	GlobalSection(SolutionProperties) = preSolution
		HideSolutionNode = FALSE
	EndGlobalSection
	GlobalSection(NestedProjects) = preSolution
		{0D0270CA-1B67-461F-956F-4A102724D321} = {E7F5029A-6AED-466B-8594-B7C15A62F88E}
		{7A8BFF6F-6AF3-45C1-8F12-C45D870380E9} = {E7F5029A-6AED-466B-8594-B7C15A62F88E}
		{A00C2446-D435-4BCE-8FAA-17E4B0D40F8E} = {7EB8B95E-FA3C-4FA7-8AA8-462566449D25}
		{F6A40E9B-9F0F-4D69-BACA-181A948F8079} = {7EB8B95E-FA3C-4FA7-8AA8-462566449D25}
		{5AE09E73-5989-49D5-8195-13E1F87D50CD} = {7EB8B95E-FA3C-4FA7-8AA8-462566449D25}
		{836AE679-6A5C-47FC-B3A4-44CE8CAAA21D} = {7EB8B95E-FA3C-4FA7-8AA8-462566449D25}
		{724D4837-9046-4D7B-9887-BD94257ECCD3} = {10632775-96D8-466A-A777-9AB031E4583E}
		{F1A36AE1-C392-4B5A-A28D-CF5284876A50} = {10632775-96D8-466A-A777-9AB031E4583E}
		{D40585D6-82D3-4A63-BEE0-69D461A15982} = {1AEEC200-805D-41BF-ADB9-FECED42F25A7}
		{041FFF37-92AD-4CD1-B016-D5AB48D5879F} = {74E4616B-FBA7-427A-B987-C5271A3143DB}
		{C4858C1B-D21E-45BB-92DF-4391DB2734F1} = {74E4616B-FBA7-427A-B987-C5271A3143DB}
		{4590B169-E658-4BDD-85E1-D83B9798C6DA} = {74E4616B-FBA7-427A-B987-C5271A3143DB}
		{1ECC2CB8-E29E-4196-812B-9135875FF1F7} = {74E4616B-FBA7-427A-B987-C5271A3143DB}
		{E348E922-A0F3-4A83-B3D8-F06A869F2860} = {74E4616B-FBA7-427A-B987-C5271A3143DB}
		{7E68BBBC-541D-458E-9A7D-162BA7C7377C} = {74E4616B-FBA7-427A-B987-C5271A3143DB}
		{7C9E26B3-78D8-4B84-975B-F1A9A972FB57} = {7BA937E0-876F-410A-BAD9-1E05E140FC1B}
		{F70A6E16-6270-40E8-B055-6D9E6C141F5A} = {7BA937E0-876F-410A-BAD9-1E05E140FC1B}
		{69E1AA6E-6849-4970-BA54-C1A08531CBB2} = {1AEEC200-805D-41BF-ADB9-FECED42F25A7}
		{ABB43B7D-ECFF-47D4-A5A2-25963D340879} = {1AEEC200-805D-41BF-ADB9-FECED42F25A7}
		{75AFD790-9DC0-4A16-9CD5-3A48C4CBE75D} = {1AEEC200-805D-41BF-ADB9-FECED42F25A7}
		{AD5D10FC-0554-4078-AE11-2C3BAA8E2F01} = {1AEEC200-805D-41BF-ADB9-FECED42F25A7}
		{1B81B356-3AF7-4BB1-B2A5-FC326CDD8BF8} = {7BA937E0-876F-410A-BAD9-1E05E140FC1B}
		{1A9B4FC1-B615-4873-92AD-A0ED22F49FA4} = {E7F5029A-6AED-466B-8594-B7C15A62F88E}
		{DC94317A-DF65-4D2D-91F9-8A2F112381D3} = {E7F5029A-6AED-466B-8594-B7C15A62F88E}
		{12095119-36F3-44A8-A6E4-3B5ED37C9A20} = {E7F5029A-6AED-466B-8594-B7C15A62F88E}
		{634E0D3D-129D-4DD3-946E-248708A874D7} = {E7F5029A-6AED-466B-8594-B7C15A62F88E}
		{8D5A26B6-ED87-4A87-ACE0-56052762B140} = {E7F5029A-6AED-466B-8594-B7C15A62F88E}
		{4A903554-8E04-42D7-8160-B2DA1D77AE78} = {E7F5029A-6AED-466B-8594-B7C15A62F88E}
		{79AEB169-FB51-4C16-A0C1-4F9D8CA643CC} = {E7F5029A-6AED-466B-8594-B7C15A62F88E}
		{A4A60D28-A85B-47B6-BDE9-6446D1FED8A4} = {E7F5029A-6AED-466B-8594-B7C15A62F88E}
		{146AC365-CC03-4164-8172-1DB81F35DD52} = {65DB4B9A-9539-4B58-B324-63A8BC8D97F8}
		{ADABD819-86AD-44DA-8A73-032C9CB86817} = {E7F5029A-6AED-466B-8594-B7C15A62F88E}
		{0CF9E669-BD39-4724-9530-6A00831DDE62} = {E7F5029A-6AED-466B-8594-B7C15A62F88E}
		{2EC833D6-AF70-471A-AA77-A21C6F90171D} = {65DB4B9A-9539-4B58-B324-63A8BC8D97F8}
	EndGlobalSection
	GlobalSection(ExtensibilityGlobals) = postSolution
		SolutionGuid = {B0DF43A9-3435-400B-9319-3889CC5B9DBC}
	EndGlobalSection
EndGlobal
