
Microsoft Visual Studio Solution File, Format Version 12.00
# Visual Studio 14
VisualStudioVersion = 14.0.23103.0
MinimumVisualStudioVersion = 10.0.40219.1
Project("{FAE04EC0-301F-11D3-BF4B-00C04F79EFBC}") = "Win81Ble01", "Win81Ble01\Win81Ble01.csproj", "{6984B759-0AD4-48E7-8357-1F533A5B9ACC}"
EndProject
Project("{FAE04EC0-301F-11D3-BF4B-00C04F79EFBC}") = "WuaBleHr01", "WuaBleHr01\WuaBleHr01.csproj", "{8E6C6235-58EC-4141-8BD9-3719BDB0A023}"
EndProject
Project("{FAE04EC0-301F-11D3-BF4B-00C04F79EFBC}") = "WuaBleRs02", "WuaBleRs02\WuaBleRs02.csproj", "{F36F0ECE-9EF8-49BA-B5B7-BB51DA18008C}"
EndProject
Project("{FAE04EC0-301F-11D3-BF4B-00C04F79EFBC}") = "WuaBleHr02", "WuaBleHr02\WuaBleHr02.csproj", "{D0B20B14-5687-4A3D-8BC8-407B4A9176BF}"
EndProject
Project("{FAE04EC0-301F-11D3-BF4B-00C04F79EFBC}") = "WuaBleHr04", "WuaBleHr04\WuaBleHr04.csproj", "{70F6DA2B-CFB3-47D6-87A4-9875202005C7}"
EndProject
Project("{2150E333-8FDC-42A3-9474-1A3956D46DE8}") = "1 Windows 8.1", "1 Windows 8.1", "{30ED7B22-E5F3-4F12-A44F-0DD1BF569EC0}"
EndProject
Project("{2150E333-8FDC-42A3-9474-1A3956D46DE8}") = "2 Windows 10 10160", "2 Windows 10 10160", "{87E014CE-CDCE-4FA6-BE02-355F2D5CCB3C}"
EndProject
Project("{2150E333-8FDC-42A3-9474-1A3956D46DE8}") = "3 Windows 10 10166", "3 Windows 10 10166", "{BC7985EE-6D6C-4C0E-B5A1-A6DBF2A2B2BD}"
EndProject
Project("{FAE04EC0-301F-11D3-BF4B-00C04F79EFBC}") = "WuaBleRs03", "WuaBleRs03\WuaBleRs03.csproj", "{6C4C0C99-4866-4ABA-9CEA-C8CBADFE5303}"
EndProject
Project("{FAE04EC0-301F-11D3-BF4B-00C04F79EFBC}") = "WuaBleRs10", "WuaBleRs10\WuaBleRs10.csproj", "{0CF9AF57-8C0B-4E27-B46D-AF6A36DEA58E}"
EndProject
Project("{FAE04EC0-301F-11D3-BF4B-00C04F79EFBC}") = "WuaBleRs05", "WuaBleRs05\WuaBleRs05.csproj", "{000BE19C-E396-48EF-960B-F163BDC3E586}"
EndProject
Project("{FAE04EC0-301F-11D3-BF4B-00C04F79EFBC}") = "WuaBleRollingSpider", "WuaBleRollingSpider\WuaBleRollingSpider.csproj", "{4A8599B2-663C-4116-BFBE-9EE714679FCC}"
EndProject
Project("{FAE04EC0-301F-11D3-BF4B-00C04F79EFBC}") = "WuaBleRs06", "WuaBleRs06\WuaBleRs06.csproj", "{E73A4BFA-6547-4079-99E7-21BC2560EC84}"
EndProject
Project("{2150E333-8FDC-42A3-9474-1A3956D46DE8}") = "4 Windows 10 10240", "4 Windows 10 10240", "{26B5EEAF-945B-42BA-8EC3-DB38BA4A5187}"
EndProject
Global
	GlobalSection(SolutionConfigurationPlatforms) = preSolution
		Debug|Any CPU = Debug|Any CPU
		Debug|ARM = Debug|ARM
		Debug|x64 = Debug|x64
		Debug|x86 = Debug|x86
		Release|Any CPU = Release|Any CPU
		Release|ARM = Release|ARM
		Release|x64 = Release|x64
		Release|x86 = Release|x86
	EndGlobalSection
	GlobalSection(ProjectConfigurationPlatforms) = postSolution
		{6984B759-0AD4-48E7-8357-1F533A5B9ACC}.Debug|Any CPU.ActiveCfg = Debug|Any CPU
		{6984B759-0AD4-48E7-8357-1F533A5B9ACC}.Debug|Any CPU.Build.0 = Debug|Any CPU
		{6984B759-0AD4-48E7-8357-1F533A5B9ACC}.Debug|Any CPU.Deploy.0 = Debug|Any CPU
		{6984B759-0AD4-48E7-8357-1F533A5B9ACC}.Debug|ARM.ActiveCfg = Debug|ARM
		{6984B759-0AD4-48E7-8357-1F533A5B9ACC}.Debug|x64.ActiveCfg = Debug|x64
		{6984B759-0AD4-48E7-8357-1F533A5B9ACC}.Debug|x64.Build.0 = Debug|x64
		{6984B759-0AD4-48E7-8357-1F533A5B9ACC}.Debug|x64.Deploy.0 = Debug|x64
		{6984B759-0AD4-48E7-8357-1F533A5B9ACC}.Debug|x86.ActiveCfg = Debug|x86
		{6984B759-0AD4-48E7-8357-1F533A5B9ACC}.Debug|x86.Build.0 = Debug|x86
		{6984B759-0AD4-48E7-8357-1F533A5B9ACC}.Debug|x86.Deploy.0 = Debug|x86
		{6984B759-0AD4-48E7-8357-1F533A5B9ACC}.Release|Any CPU.ActiveCfg = Release|Any CPU
		{6984B759-0AD4-48E7-8357-1F533A5B9ACC}.Release|Any CPU.Build.0 = Release|Any CPU
		{6984B759-0AD4-48E7-8357-1F533A5B9ACC}.Release|Any CPU.Deploy.0 = Release|Any CPU
		{6984B759-0AD4-48E7-8357-1F533A5B9ACC}.Release|ARM.ActiveCfg = Release|ARM
		{6984B759-0AD4-48E7-8357-1F533A5B9ACC}.Release|ARM.Build.0 = Release|ARM
		{6984B759-0AD4-48E7-8357-1F533A5B9ACC}.Release|ARM.Deploy.0 = Release|ARM
		{6984B759-0AD4-48E7-8357-1F533A5B9ACC}.Release|x64.ActiveCfg = Release|x64
		{6984B759-0AD4-48E7-8357-1F533A5B9ACC}.Release|x64.Build.0 = Release|x64
		{6984B759-0AD4-48E7-8357-1F533A5B9ACC}.Release|x64.Deploy.0 = Release|x64
		{6984B759-0AD4-48E7-8357-1F533A5B9ACC}.Release|x86.ActiveCfg = Release|x86
		{6984B759-0AD4-48E7-8357-1F533A5B9ACC}.Release|x86.Build.0 = Release|x86
		{6984B759-0AD4-48E7-8357-1F533A5B9ACC}.Release|x86.Deploy.0 = Release|x86
		{8E6C6235-58EC-4141-8BD9-3719BDB0A023}.Debug|Any CPU.ActiveCfg = Debug|x86
		{8E6C6235-58EC-4141-8BD9-3719BDB0A023}.Debug|Any CPU.Build.0 = Debug|x86
		{8E6C6235-58EC-4141-8BD9-3719BDB0A023}.Debug|Any CPU.Deploy.0 = Debug|x86
		{8E6C6235-58EC-4141-8BD9-3719BDB0A023}.Debug|ARM.ActiveCfg = Debug|ARM
		{8E6C6235-58EC-4141-8BD9-3719BDB0A023}.Debug|x64.ActiveCfg = Debug|x64
		{8E6C6235-58EC-4141-8BD9-3719BDB0A023}.Debug|x64.Build.0 = Debug|x64
		{8E6C6235-58EC-4141-8BD9-3719BDB0A023}.Debug|x64.Deploy.0 = Debug|x64
		{8E6C6235-58EC-4141-8BD9-3719BDB0A023}.Debug|x86.ActiveCfg = Debug|x86
		{8E6C6235-58EC-4141-8BD9-3719BDB0A023}.Debug|x86.Build.0 = Debug|x86
		{8E6C6235-58EC-4141-8BD9-3719BDB0A023}.Debug|x86.Deploy.0 = Debug|x86
		{8E6C6235-58EC-4141-8BD9-3719BDB0A023}.Release|Any CPU.ActiveCfg = Release|x86
		{8E6C6235-58EC-4141-8BD9-3719BDB0A023}.Release|ARM.ActiveCfg = Release|ARM
		{8E6C6235-58EC-4141-8BD9-3719BDB0A023}.Release|ARM.Build.0 = Release|ARM
		{8E6C6235-58EC-4141-8BD9-3719BDB0A023}.Release|ARM.Deploy.0 = Release|ARM
		{8E6C6235-58EC-4141-8BD9-3719BDB0A023}.Release|x64.ActiveCfg = Release|x64
		{8E6C6235-58EC-4141-8BD9-3719BDB0A023}.Release|x64.Build.0 = Release|x64
		{8E6C6235-58EC-4141-8BD9-3719BDB0A023}.Release|x64.Deploy.0 = Release|x64
		{8E6C6235-58EC-4141-8BD9-3719BDB0A023}.Release|x86.ActiveCfg = Release|x86
		{8E6C6235-58EC-4141-8BD9-3719BDB0A023}.Release|x86.Build.0 = Release|x86
		{8E6C6235-58EC-4141-8BD9-3719BDB0A023}.Release|x86.Deploy.0 = Release|x86
		{F36F0ECE-9EF8-49BA-B5B7-BB51DA18008C}.Debug|Any CPU.ActiveCfg = Debug|x86
		{F36F0ECE-9EF8-49BA-B5B7-BB51DA18008C}.Debug|Any CPU.Build.0 = Debug|x86
		{F36F0ECE-9EF8-49BA-B5B7-BB51DA18008C}.Debug|Any CPU.Deploy.0 = Debug|x86
		{F36F0ECE-9EF8-49BA-B5B7-BB51DA18008C}.Debug|ARM.ActiveCfg = Debug|ARM
		{F36F0ECE-9EF8-49BA-B5B7-BB51DA18008C}.Debug|x64.ActiveCfg = Debug|x64
		{F36F0ECE-9EF8-49BA-B5B7-BB51DA18008C}.Debug|x64.Build.0 = Debug|x64
		{F36F0ECE-9EF8-49BA-B5B7-BB51DA18008C}.Debug|x64.Deploy.0 = Debug|x64
		{F36F0ECE-9EF8-49BA-B5B7-BB51DA18008C}.Debug|x86.ActiveCfg = Debug|x86
		{F36F0ECE-9EF8-49BA-B5B7-BB51DA18008C}.Debug|x86.Build.0 = Debug|x86
		{F36F0ECE-9EF8-49BA-B5B7-BB51DA18008C}.Debug|x86.Deploy.0 = Debug|x86
		{F36F0ECE-9EF8-49BA-B5B7-BB51DA18008C}.Release|Any CPU.ActiveCfg = Release|x86
		{F36F0ECE-9EF8-49BA-B5B7-BB51DA18008C}.Release|ARM.ActiveCfg = Release|ARM
		{F36F0ECE-9EF8-49BA-B5B7-BB51DA18008C}.Release|ARM.Build.0 = Release|ARM
		{F36F0ECE-9EF8-49BA-B5B7-BB51DA18008C}.Release|ARM.Deploy.0 = Release|ARM
		{F36F0ECE-9EF8-49BA-B5B7-BB51DA18008C}.Release|x64.ActiveCfg = Release|x64
		{F36F0ECE-9EF8-49BA-B5B7-BB51DA18008C}.Release|x64.Build.0 = Release|x64
		{F36F0ECE-9EF8-49BA-B5B7-BB51DA18008C}.Release|x64.Deploy.0 = Release|x64
		{F36F0ECE-9EF8-49BA-B5B7-BB51DA18008C}.Release|x86.ActiveCfg = Release|x86
		{F36F0ECE-9EF8-49BA-B5B7-BB51DA18008C}.Release|x86.Build.0 = Release|x86
		{F36F0ECE-9EF8-49BA-B5B7-BB51DA18008C}.Release|x86.Deploy.0 = Release|x86
		{D0B20B14-5687-4A3D-8BC8-407B4A9176BF}.Debug|Any CPU.ActiveCfg = Debug|x86
		{D0B20B14-5687-4A3D-8BC8-407B4A9176BF}.Debug|ARM.ActiveCfg = Debug|ARM
		{D0B20B14-5687-4A3D-8BC8-407B4A9176BF}.Debug|x64.ActiveCfg = Debug|x64
		{D0B20B14-5687-4A3D-8BC8-407B4A9176BF}.Debug|x64.Build.0 = Debug|x64
		{D0B20B14-5687-4A3D-8BC8-407B4A9176BF}.Debug|x64.Deploy.0 = Debug|x64
		{D0B20B14-5687-4A3D-8BC8-407B4A9176BF}.Debug|x86.ActiveCfg = Debug|x86
		{D0B20B14-5687-4A3D-8BC8-407B4A9176BF}.Debug|x86.Build.0 = Debug|x86
		{D0B20B14-5687-4A3D-8BC8-407B4A9176BF}.Debug|x86.Deploy.0 = Debug|x86
		{D0B20B14-5687-4A3D-8BC8-407B4A9176BF}.Release|Any CPU.ActiveCfg = Release|x86
		{D0B20B14-5687-4A3D-8BC8-407B4A9176BF}.Release|ARM.ActiveCfg = Release|ARM
		{D0B20B14-5687-4A3D-8BC8-407B4A9176BF}.Release|ARM.Build.0 = Release|ARM
		{D0B20B14-5687-4A3D-8BC8-407B4A9176BF}.Release|ARM.Deploy.0 = Release|ARM
		{D0B20B14-5687-4A3D-8BC8-407B4A9176BF}.Release|x64.ActiveCfg = Release|x64
		{D0B20B14-5687-4A3D-8BC8-407B4A9176BF}.Release|x64.Build.0 = Release|x64
		{D0B20B14-5687-4A3D-8BC8-407B4A9176BF}.Release|x64.Deploy.0 = Release|x64
		{D0B20B14-5687-4A3D-8BC8-407B4A9176BF}.Release|x86.ActiveCfg = Release|x86
		{D0B20B14-5687-4A3D-8BC8-407B4A9176BF}.Release|x86.Build.0 = Release|x86
		{D0B20B14-5687-4A3D-8BC8-407B4A9176BF}.Release|x86.Deploy.0 = Release|x86
		{70F6DA2B-CFB3-47D6-87A4-9875202005C7}.Debug|Any CPU.ActiveCfg = Debug|x86
		{70F6DA2B-CFB3-47D6-87A4-9875202005C7}.Debug|ARM.ActiveCfg = Debug|ARM
		{70F6DA2B-CFB3-47D6-87A4-9875202005C7}.Debug|x64.ActiveCfg = Debug|x64
		{70F6DA2B-CFB3-47D6-87A4-9875202005C7}.Debug|x64.Build.0 = Debug|x64
		{70F6DA2B-CFB3-47D6-87A4-9875202005C7}.Debug|x64.Deploy.0 = Debug|x64
		{70F6DA2B-CFB3-47D6-87A4-9875202005C7}.Debug|x86.ActiveCfg = Debug|x86
		{70F6DA2B-CFB3-47D6-87A4-9875202005C7}.Debug|x86.Build.0 = Debug|x86
		{70F6DA2B-CFB3-47D6-87A4-9875202005C7}.Debug|x86.Deploy.0 = Debug|x86
		{70F6DA2B-CFB3-47D6-87A4-9875202005C7}.Release|Any CPU.ActiveCfg = Release|x86
		{70F6DA2B-CFB3-47D6-87A4-9875202005C7}.Release|ARM.ActiveCfg = Release|ARM
		{70F6DA2B-CFB3-47D6-87A4-9875202005C7}.Release|ARM.Build.0 = Release|ARM
		{70F6DA2B-CFB3-47D6-87A4-9875202005C7}.Release|ARM.Deploy.0 = Release|ARM
		{70F6DA2B-CFB3-47D6-87A4-9875202005C7}.Release|x64.ActiveCfg = Release|x64
		{70F6DA2B-CFB3-47D6-87A4-9875202005C7}.Release|x64.Build.0 = Release|x64
		{70F6DA2B-CFB3-47D6-87A4-9875202005C7}.Release|x64.Deploy.0 = Release|x64
		{70F6DA2B-CFB3-47D6-87A4-9875202005C7}.Release|x86.ActiveCfg = Release|x86
		{70F6DA2B-CFB3-47D6-87A4-9875202005C7}.Release|x86.Build.0 = Release|x86
		{70F6DA2B-CFB3-47D6-87A4-9875202005C7}.Release|x86.Deploy.0 = Release|x86
		{6C4C0C99-4866-4ABA-9CEA-C8CBADFE5303}.Debug|Any CPU.ActiveCfg = Debug|x86
		{6C4C0C99-4866-4ABA-9CEA-C8CBADFE5303}.Debug|ARM.ActiveCfg = Debug|ARM
		{6C4C0C99-4866-4ABA-9CEA-C8CBADFE5303}.Debug|ARM.Build.0 = Debug|ARM
		{6C4C0C99-4866-4ABA-9CEA-C8CBADFE5303}.Debug|ARM.Deploy.0 = Debug|ARM
		{6C4C0C99-4866-4ABA-9CEA-C8CBADFE5303}.Debug|x64.ActiveCfg = Debug|x64
		{6C4C0C99-4866-4ABA-9CEA-C8CBADFE5303}.Debug|x64.Build.0 = Debug|x64
		{6C4C0C99-4866-4ABA-9CEA-C8CBADFE5303}.Debug|x64.Deploy.0 = Debug|x64
		{6C4C0C99-4866-4ABA-9CEA-C8CBADFE5303}.Debug|x86.ActiveCfg = Debug|x86
		{6C4C0C99-4866-4ABA-9CEA-C8CBADFE5303}.Debug|x86.Build.0 = Debug|x86
		{6C4C0C99-4866-4ABA-9CEA-C8CBADFE5303}.Debug|x86.Deploy.0 = Debug|x86
		{6C4C0C99-4866-4ABA-9CEA-C8CBADFE5303}.Release|Any CPU.ActiveCfg = Release|x86
		{6C4C0C99-4866-4ABA-9CEA-C8CBADFE5303}.Release|Any CPU.Build.0 = Release|x86
		{6C4C0C99-4866-4ABA-9CEA-C8CBADFE5303}.Release|Any CPU.Deploy.0 = Release|x86
		{6C4C0C99-4866-4ABA-9CEA-C8CBADFE5303}.Release|ARM.ActiveCfg = Release|ARM
		{6C4C0C99-4866-4ABA-9CEA-C8CBADFE5303}.Release|ARM.Build.0 = Release|ARM
		{6C4C0C99-4866-4ABA-9CEA-C8CBADFE5303}.Release|ARM.Deploy.0 = Release|ARM
		{6C4C0C99-4866-4ABA-9CEA-C8CBADFE5303}.Release|x64.ActiveCfg = Release|x64
		{6C4C0C99-4866-4ABA-9CEA-C8CBADFE5303}.Release|x64.Build.0 = Release|x64
		{6C4C0C99-4866-4ABA-9CEA-C8CBADFE5303}.Release|x64.Deploy.0 = Release|x64
		{6C4C0C99-4866-4ABA-9CEA-C8CBADFE5303}.Release|x86.ActiveCfg = Release|x86
		{6C4C0C99-4866-4ABA-9CEA-C8CBADFE5303}.Release|x86.Build.0 = Release|x86
		{6C4C0C99-4866-4ABA-9CEA-C8CBADFE5303}.Release|x86.Deploy.0 = Release|x86
		{0CF9AF57-8C0B-4E27-B46D-AF6A36DEA58E}.Debug|Any CPU.ActiveCfg = Debug|x86
		{0CF9AF57-8C0B-4E27-B46D-AF6A36DEA58E}.Debug|Any CPU.Build.0 = Debug|x86
		{0CF9AF57-8C0B-4E27-B46D-AF6A36DEA58E}.Debug|Any CPU.Deploy.0 = Debug|x86
		{0CF9AF57-8C0B-4E27-B46D-AF6A36DEA58E}.Debug|ARM.ActiveCfg = Debug|ARM
		{0CF9AF57-8C0B-4E27-B46D-AF6A36DEA58E}.Debug|ARM.Build.0 = Debug|ARM
		{0CF9AF57-8C0B-4E27-B46D-AF6A36DEA58E}.Debug|ARM.Deploy.0 = Debug|ARM
		{0CF9AF57-8C0B-4E27-B46D-AF6A36DEA58E}.Debug|x64.ActiveCfg = Debug|x64
		{0CF9AF57-8C0B-4E27-B46D-AF6A36DEA58E}.Debug|x64.Build.0 = Debug|x64
		{0CF9AF57-8C0B-4E27-B46D-AF6A36DEA58E}.Debug|x64.Deploy.0 = Debug|x64
		{0CF9AF57-8C0B-4E27-B46D-AF6A36DEA58E}.Debug|x86.ActiveCfg = Debug|x86
		{0CF9AF57-8C0B-4E27-B46D-AF6A36DEA58E}.Debug|x86.Build.0 = Debug|x86
		{0CF9AF57-8C0B-4E27-B46D-AF6A36DEA58E}.Debug|x86.Deploy.0 = Debug|x86
		{0CF9AF57-8C0B-4E27-B46D-AF6A36DEA58E}.Release|Any CPU.ActiveCfg = Release|x86
		{0CF9AF57-8C0B-4E27-B46D-AF6A36DEA58E}.Release|Any CPU.Build.0 = Release|x86
		{0CF9AF57-8C0B-4E27-B46D-AF6A36DEA58E}.Release|Any CPU.Deploy.0 = Release|x86
		{0CF9AF57-8C0B-4E27-B46D-AF6A36DEA58E}.Release|ARM.ActiveCfg = Release|ARM
		{0CF9AF57-8C0B-4E27-B46D-AF6A36DEA58E}.Release|ARM.Build.0 = Release|ARM
		{0CF9AF57-8C0B-4E27-B46D-AF6A36DEA58E}.Release|ARM.Deploy.0 = Release|ARM
		{0CF9AF57-8C0B-4E27-B46D-AF6A36DEA58E}.Release|x64.ActiveCfg = Release|x64
		{0CF9AF57-8C0B-4E27-B46D-AF6A36DEA58E}.Release|x64.Build.0 = Release|x64
		{0CF9AF57-8C0B-4E27-B46D-AF6A36DEA58E}.Release|x64.Deploy.0 = Release|x64
		{0CF9AF57-8C0B-4E27-B46D-AF6A36DEA58E}.Release|x86.ActiveCfg = Release|x86
		{0CF9AF57-8C0B-4E27-B46D-AF6A36DEA58E}.Release|x86.Build.0 = Release|x86
		{0CF9AF57-8C0B-4E27-B46D-AF6A36DEA58E}.Release|x86.Deploy.0 = Release|x86
		{000BE19C-E396-48EF-960B-F163BDC3E586}.Debug|Any CPU.ActiveCfg = Debug|x86
		{000BE19C-E396-48EF-960B-F163BDC3E586}.Debug|ARM.ActiveCfg = Debug|ARM
		{000BE19C-E396-48EF-960B-F163BDC3E586}.Debug|ARM.Build.0 = Debug|ARM
		{000BE19C-E396-48EF-960B-F163BDC3E586}.Debug|ARM.Deploy.0 = Debug|ARM
		{000BE19C-E396-48EF-960B-F163BDC3E586}.Debug|x64.ActiveCfg = Debug|x64
		{000BE19C-E396-48EF-960B-F163BDC3E586}.Debug|x64.Build.0 = Debug|x64
		{000BE19C-E396-48EF-960B-F163BDC3E586}.Debug|x64.Deploy.0 = Debug|x64
		{000BE19C-E396-48EF-960B-F163BDC3E586}.Debug|x86.ActiveCfg = Debug|x86
		{000BE19C-E396-48EF-960B-F163BDC3E586}.Debug|x86.Build.0 = Debug|x86
		{000BE19C-E396-48EF-960B-F163BDC3E586}.Debug|x86.Deploy.0 = Debug|x86
		{000BE19C-E396-48EF-960B-F163BDC3E586}.Release|Any CPU.ActiveCfg = Release|x86
		{000BE19C-E396-48EF-960B-F163BDC3E586}.Release|Any CPU.Build.0 = Release|x86
		{000BE19C-E396-48EF-960B-F163BDC3E586}.Release|Any CPU.Deploy.0 = Release|x86
		{000BE19C-E396-48EF-960B-F163BDC3E586}.Release|ARM.ActiveCfg = Release|ARM
		{000BE19C-E396-48EF-960B-F163BDC3E586}.Release|ARM.Build.0 = Release|ARM
		{000BE19C-E396-48EF-960B-F163BDC3E586}.Release|ARM.Deploy.0 = Release|ARM
		{000BE19C-E396-48EF-960B-F163BDC3E586}.Release|x64.ActiveCfg = Release|x64
		{000BE19C-E396-48EF-960B-F163BDC3E586}.Release|x64.Build.0 = Release|x64
		{000BE19C-E396-48EF-960B-F163BDC3E586}.Release|x64.Deploy.0 = Release|x64
		{000BE19C-E396-48EF-960B-F163BDC3E586}.Release|x86.ActiveCfg = Release|x86
		{000BE19C-E396-48EF-960B-F163BDC3E586}.Release|x86.Build.0 = Release|x86
		{000BE19C-E396-48EF-960B-F163BDC3E586}.Release|x86.Deploy.0 = Release|x86
		{4A8599B2-663C-4116-BFBE-9EE714679FCC}.Debug|Any CPU.ActiveCfg = Debug|Any CPU
		{4A8599B2-663C-4116-BFBE-9EE714679FCC}.Debug|Any CPU.Build.0 = Debug|Any CPU
		{4A8599B2-663C-4116-BFBE-9EE714679FCC}.Debug|ARM.ActiveCfg = Debug|ARM
		{4A8599B2-663C-4116-BFBE-9EE714679FCC}.Debug|ARM.Build.0 = Debug|ARM
		{4A8599B2-663C-4116-BFBE-9EE714679FCC}.Debug|x64.ActiveCfg = Debug|x64
		{4A8599B2-663C-4116-BFBE-9EE714679FCC}.Debug|x64.Build.0 = Debug|x64
		{4A8599B2-663C-4116-BFBE-9EE714679FCC}.Debug|x86.ActiveCfg = Debug|x86
		{4A8599B2-663C-4116-BFBE-9EE714679FCC}.Debug|x86.Build.0 = Debug|x86
		{4A8599B2-663C-4116-BFBE-9EE714679FCC}.Release|Any CPU.ActiveCfg = Release|Any CPU
		{4A8599B2-663C-4116-BFBE-9EE714679FCC}.Release|Any CPU.Build.0 = Release|Any CPU
		{4A8599B2-663C-4116-BFBE-9EE714679FCC}.Release|ARM.ActiveCfg = Release|ARM
		{4A8599B2-663C-4116-BFBE-9EE714679FCC}.Release|ARM.Build.0 = Release|ARM
		{4A8599B2-663C-4116-BFBE-9EE714679FCC}.Release|x64.ActiveCfg = Release|x64
		{4A8599B2-663C-4116-BFBE-9EE714679FCC}.Release|x64.Build.0 = Release|x64
		{4A8599B2-663C-4116-BFBE-9EE714679FCC}.Release|x86.ActiveCfg = Release|x86
		{4A8599B2-663C-4116-BFBE-9EE714679FCC}.Release|x86.Build.0 = Release|x86
		{E73A4BFA-6547-4079-99E7-21BC2560EC84}.Debug|Any CPU.ActiveCfg = Debug|x86
		{E73A4BFA-6547-4079-99E7-21BC2560EC84}.Debug|Any CPU.Build.0 = Debug|x86
		{E73A4BFA-6547-4079-99E7-21BC2560EC84}.Debug|Any CPU.Deploy.0 = Debug|x86
		{E73A4BFA-6547-4079-99E7-21BC2560EC84}.Debug|ARM.ActiveCfg = Debug|ARM
		{E73A4BFA-6547-4079-99E7-21BC2560EC84}.Debug|ARM.Build.0 = Debug|ARM
		{E73A4BFA-6547-4079-99E7-21BC2560EC84}.Debug|ARM.Deploy.0 = Debug|ARM
		{E73A4BFA-6547-4079-99E7-21BC2560EC84}.Debug|x64.ActiveCfg = Debug|x64
		{E73A4BFA-6547-4079-99E7-21BC2560EC84}.Debug|x64.Build.0 = Debug|x64
		{E73A4BFA-6547-4079-99E7-21BC2560EC84}.Debug|x64.Deploy.0 = Debug|x64
		{E73A4BFA-6547-4079-99E7-21BC2560EC84}.Debug|x86.ActiveCfg = Debug|x86
		{E73A4BFA-6547-4079-99E7-21BC2560EC84}.Debug|x86.Build.0 = Debug|x86
		{E73A4BFA-6547-4079-99E7-21BC2560EC84}.Debug|x86.Deploy.0 = Debug|x86
		{E73A4BFA-6547-4079-99E7-21BC2560EC84}.Release|Any CPU.ActiveCfg = Release|x86
		{E73A4BFA-6547-4079-99E7-21BC2560EC84}.Release|Any CPU.Build.0 = Release|x86
		{E73A4BFA-6547-4079-99E7-21BC2560EC84}.Release|Any CPU.Deploy.0 = Release|x86
		{E73A4BFA-6547-4079-99E7-21BC2560EC84}.Release|ARM.ActiveCfg = Release|ARM
		{E73A4BFA-6547-4079-99E7-21BC2560EC84}.Release|ARM.Build.0 = Release|ARM
		{E73A4BFA-6547-4079-99E7-21BC2560EC84}.Release|ARM.Deploy.0 = Release|ARM
		{E73A4BFA-6547-4079-99E7-21BC2560EC84}.Release|x64.ActiveCfg = Release|x64
		{E73A4BFA-6547-4079-99E7-21BC2560EC84}.Release|x64.Build.0 = Release|x64
		{E73A4BFA-6547-4079-99E7-21BC2560EC84}.Release|x64.Deploy.0 = Release|x64
		{E73A4BFA-6547-4079-99E7-21BC2560EC84}.Release|x86.ActiveCfg = Release|x86
		{E73A4BFA-6547-4079-99E7-21BC2560EC84}.Release|x86.Build.0 = Release|x86
		{E73A4BFA-6547-4079-99E7-21BC2560EC84}.Release|x86.Deploy.0 = Release|x86
	EndGlobalSection
	GlobalSection(SolutionProperties) = preSolution
		HideSolutionNode = FALSE
	EndGlobalSection
	GlobalSection(NestedProjects) = preSolution
		{6984B759-0AD4-48E7-8357-1F533A5B9ACC} = {30ED7B22-E5F3-4F12-A44F-0DD1BF569EC0}
		{8E6C6235-58EC-4141-8BD9-3719BDB0A023} = {87E014CE-CDCE-4FA6-BE02-355F2D5CCB3C}
		{F36F0ECE-9EF8-49BA-B5B7-BB51DA18008C} = {87E014CE-CDCE-4FA6-BE02-355F2D5CCB3C}
		{D0B20B14-5687-4A3D-8BC8-407B4A9176BF} = {87E014CE-CDCE-4FA6-BE02-355F2D5CCB3C}
		{70F6DA2B-CFB3-47D6-87A4-9875202005C7} = {26B5EEAF-945B-42BA-8EC3-DB38BA4A5187}
		{6C4C0C99-4866-4ABA-9CEA-C8CBADFE5303} = {BC7985EE-6D6C-4C0E-B5A1-A6DBF2A2B2BD}
		{0CF9AF57-8C0B-4E27-B46D-AF6A36DEA58E} = {26B5EEAF-945B-42BA-8EC3-DB38BA4A5187}
		{000BE19C-E396-48EF-960B-F163BDC3E586} = {26B5EEAF-945B-42BA-8EC3-DB38BA4A5187}
		{4A8599B2-663C-4116-BFBE-9EE714679FCC} = {26B5EEAF-945B-42BA-8EC3-DB38BA4A5187}
		{E73A4BFA-6547-4079-99E7-21BC2560EC84} = {26B5EEAF-945B-42BA-8EC3-DB38BA4A5187}
	EndGlobalSection
	GlobalSection(TeamFoundationVersionControl) = preSolution
		SccNumberOfProjects = 11
		SccEnterpriseProvider = {4CA58AB2-18FA-4F8D-95D4-32DDF27D184C}
		SccTeamFoundationServer = https://elbruno.visualstudio.com/defaultcollection
		SccLocalPath0 = .
		SccProjectUniqueName1 = Win81Ble01\\Win81Ble01.csproj
		SccProjectTopLevelParentUniqueName1 = Win\u0020Ble\u0020Tests.sln
		SccProjectName1 = Win81Ble01
		SccLocalPath1 = Win81Ble01
		SccProjectUniqueName2 = WuaBleRs02\\WuaBleRs02.csproj
		SccProjectTopLevelParentUniqueName2 = Win\u0020Ble\u0020Tests.sln
		SccProjectName2 = WuaBleRs02
		SccLocalPath2 = WuaBleRs02
		SccProjectUniqueName3 = WuaBleHr01\\WuaBleHr01.csproj
		SccProjectTopLevelParentUniqueName3 = Win\u0020Ble\u0020Tests.sln
		SccProjectName3 = WuaBleHr01
		SccLocalPath3 = WuaBleHr01
		SccProjectUniqueName4 = WuaBleHr02\\WuaBleHr02.csproj
		SccProjectTopLevelParentUniqueName4 = Win\u0020Ble\u0020Tests.sln
		SccProjectName4 = WuaBleHr02
		SccLocalPath4 = WuaBleHr02
		SccProjectUniqueName5 = WuaBleHr04\\WuaBleHr04.csproj
		SccProjectTopLevelParentUniqueName5 = Win\u0020Ble\u0020Tests.sln
		SccProjectName5 = WuaBleHr04
		SccLocalPath5 = WuaBleHr04
		SccProjectUniqueName6 = WuaBleRs03\\WuaBleRs03.csproj
		SccProjectTopLevelParentUniqueName6 = Win\u0020Ble\u0020Tests.sln
		SccProjectName6 = WuaBleRs03
		SccLocalPath6 = WuaBleRs03
		SccProjectUniqueName7 = WuaBleRs10\\WuaBleRs10.csproj
		SccProjectTopLevelParentUniqueName7 = Win\u0020Ble\u0020Tests.sln
		SccProjectName7 = WuaBleRs10
		SccLocalPath7 = WuaBleRs10
		SccProjectUniqueName8 = WuaBleRs05\\WuaBleRs05.csproj
		SccProjectTopLevelParentUniqueName8 = Win\u0020Ble\u0020Tests.sln
		SccProjectName8 = WuaBleRs05
		SccLocalPath8 = WuaBleRs05
		SccProjectUniqueName9 = WuaBleRollingSpider\\WuaBleRollingSpider.csproj
		SccProjectTopLevelParentUniqueName9 = Win\u0020Ble\u0020Tests.sln
		SccProjectName9 = WuaBleRollingSpider
		SccLocalPath9 = WuaBleRollingSpider
		SccProjectUniqueName10 = WuaBleRs06\\WuaBleRs06.csproj
		SccProjectTopLevelParentUniqueName10 = Win\u0020Ble\u0020Tests.sln
		SccProjectName10 = WuaBleRs06
		SccLocalPath10 = WuaBleRs06
	EndGlobalSection
EndGlobal
