
Microsoft Visual Studio Solution File, Format Version 12.00
# Visual Studio Version 16
VisualStudioVersion = 16.0.28803.352
MinimumVisualStudioVersion = 10.0.40219.1
Project("{2150E333-8FDC-42A3-9474-1A3956D46DE8}") = "Solution Items", "Solution Items", "{69F65BAF-FC5D-483E-BBAC-D12D0C883A35}"
	ProjectSection(SolutionItems) = preProject
		CodeSnippets.txt = CodeSnippets.txt
		Info.txt = Info.txt
	EndProjectSection
EndProject
Project("{FAE04EC0-301F-11D3-BF4B-00C04F79EFBC}") = "OfficeWatcher00", "OfficeWatcher00\OfficeWatcher00.csproj", "{3E4AB970-207B-41AA-93D0-9FE1413E3D72}"
EndProject
Project("{FAE04EC0-301F-11D3-BF4B-00C04F79EFBC}") = "OfficeWatcher04", "OfficeWatcher04\OfficeWatcher04.csproj", "{D4357184-82D4-484F-A683-C45F10CC0CD3}"
EndProject
Project("{FAE04EC0-301F-11D3-BF4B-00C04F79EFBC}") = "OfficeWatcher01", "OfficeWatcher01\OfficeWatcher01.csproj", "{66705E1F-24E1-4C16-8533-CB0EFA063275}"
EndProject
Project("{FAE04EC0-301F-11D3-BF4B-00C04F79EFBC}") = "CustomVisionMarvel01", "CustomVisionMarvel01\CustomVisionMarvel01.csproj", "{13FF0199-F8A4-48FF-959A-CF365D2DF200}"
EndProject
Project("{2150E333-8FDC-42A3-9474-1A3956D46DE8}") = "Marvel", "Marvel", "{79D1A9EB-FC9E-4FC5-A3E3-AF1907DFA02D}"
EndProject
Project("{2150E333-8FDC-42A3-9474-1A3956D46DE8}") = "Office Watcher", "Office Watcher", "{ACF690AC-595E-436C-839B-7B9C3844016B}"
EndProject
Project("{FAE04EC0-301F-11D3-BF4B-00C04F79EFBC}") = "CustomVisionMarvelConsole01", "CustomVisionMarvelConsole01\CustomVisionMarvelConsole01.csproj", "{28349A3E-1DEF-4774-A34E-FAA775D1F54B}"
EndProject
Project("{FAE04EC0-301F-11D3-BF4B-00C04F79EFBC}") = "CodeMashConsole01", "CodeMashConsole01\CodeMashConsole01.csproj", "{91AE79D1-FFFF-4BEC-A013-5DDD00D14E00}"
EndProject
Project("{FAE04EC0-301F-11D3-BF4B-00C04F79EFBC}") = "CodeMashMarvelUwp01", "CodeMashMarvelUwp01\CodeMashMarvelUwp01.csproj", "{1E4D3716-AF98-42E4-B3BF-4F7D7EF38DA5}"
EndProject
Project("{9A19103F-16F7-4668-BE54-9A1E7A4F7556}") = "CustomVisionMarvelConsoleDocker01", "CustomVisionMarvelConsoleDocker01\CustomVisionMarvelConsoleDocker01.csproj", "{9981133A-6118-498E-B872-6EB092A4005F}"
EndProject
Project("{FAE04EC0-301F-11D3-BF4B-00C04F79EFBC}") = "CustomVisionMarvelUwpDocker01", "CustomVisionMarvelUwpDocker01\CustomVisionMarvelUwpDocker01.csproj", "{319A8935-2F59-4334-9D09-4FF1EE67B1A7}"
EndProject
Project("{2150E333-8FDC-42A3-9474-1A3956D46DE8}") = "Events", "Events", "{617A1A31-DBD8-4E46-8E16-AC7758E377EC}"
EndProject
Project("{9A19103F-16F7-4668-BE54-9A1E7A4F7556}") = "ChicagoCodeCampConsole01", "ChicagoCodeCampConsole01\ChicagoCodeCampConsole01.csproj", "{AD369C3F-A37F-4346-AA64-9DD2052C59E0}"
EndProject
Project("{FAE04EC0-301F-11D3-BF4B-00C04F79EFBC}") = "ChicagoCodeCampMarvelUwpApp01", "ChicagoCodeCampMarvelUwpApp01\ChicagoCodeCampMarvelUwpApp01.csproj", "{60F61C71-CF5E-4526-94BD-2436457089A6}"
EndProject
Project("{2150E333-8FDC-42A3-9474-1A3956D46DE8}") = "Windows Vision Skills", "Windows Vision Skills", "{3E43A3F0-BB3F-4879-A6C5-D1A69B575928}"
EndProject
Project("{FAE04EC0-301F-11D3-BF4B-00C04F79EFBC}") = "ObjectDetectorSample", "ObjectDetectorSample\ObjectDetectorSample.csproj", "{7F14D96F-B055-4109-9676-ADDD6A2C8089}"
EndProject
Global
	GlobalSection(SolutionConfigurationPlatforms) = preSolution
		Debug|Any CPU = Debug|Any CPU
		Debug|ARM = Debug|ARM
		Debug|ARM64 = Debug|ARM64
		Debug|x64 = Debug|x64
		Debug|x86 = Debug|x86
		Release|Any CPU = Release|Any CPU
		Release|ARM = Release|ARM
		Release|ARM64 = Release|ARM64
		Release|x64 = Release|x64
		Release|x86 = Release|x86
	EndGlobalSection
	GlobalSection(ProjectConfigurationPlatforms) = postSolution
		{3E4AB970-207B-41AA-93D0-9FE1413E3D72}.Debug|Any CPU.ActiveCfg = Debug|x86
		{3E4AB970-207B-41AA-93D0-9FE1413E3D72}.Debug|ARM.ActiveCfg = Debug|ARM
		{3E4AB970-207B-41AA-93D0-9FE1413E3D72}.Debug|ARM.Build.0 = Debug|ARM
		{3E4AB970-207B-41AA-93D0-9FE1413E3D72}.Debug|ARM.Deploy.0 = Debug|ARM
		{3E4AB970-207B-41AA-93D0-9FE1413E3D72}.Debug|ARM64.ActiveCfg = Debug|x86
		{3E4AB970-207B-41AA-93D0-9FE1413E3D72}.Debug|x64.ActiveCfg = Debug|x64
		{3E4AB970-207B-41AA-93D0-9FE1413E3D72}.Debug|x64.Build.0 = Debug|x64
		{3E4AB970-207B-41AA-93D0-9FE1413E3D72}.Debug|x64.Deploy.0 = Debug|x64
		{3E4AB970-207B-41AA-93D0-9FE1413E3D72}.Debug|x86.ActiveCfg = Debug|x86
		{3E4AB970-207B-41AA-93D0-9FE1413E3D72}.Debug|x86.Build.0 = Debug|x86
		{3E4AB970-207B-41AA-93D0-9FE1413E3D72}.Debug|x86.Deploy.0 = Debug|x86
		{3E4AB970-207B-41AA-93D0-9FE1413E3D72}.Release|Any CPU.ActiveCfg = Release|x86
		{3E4AB970-207B-41AA-93D0-9FE1413E3D72}.Release|ARM.ActiveCfg = Release|ARM
		{3E4AB970-207B-41AA-93D0-9FE1413E3D72}.Release|ARM.Build.0 = Release|ARM
		{3E4AB970-207B-41AA-93D0-9FE1413E3D72}.Release|ARM.Deploy.0 = Release|ARM
		{3E4AB970-207B-41AA-93D0-9FE1413E3D72}.Release|ARM64.ActiveCfg = Release|x86
		{3E4AB970-207B-41AA-93D0-9FE1413E3D72}.Release|x64.ActiveCfg = Release|x64
		{3E4AB970-207B-41AA-93D0-9FE1413E3D72}.Release|x64.Build.0 = Release|x64
		{3E4AB970-207B-41AA-93D0-9FE1413E3D72}.Release|x64.Deploy.0 = Release|x64
		{3E4AB970-207B-41AA-93D0-9FE1413E3D72}.Release|x86.ActiveCfg = Release|x86
		{3E4AB970-207B-41AA-93D0-9FE1413E3D72}.Release|x86.Build.0 = Release|x86
		{3E4AB970-207B-41AA-93D0-9FE1413E3D72}.Release|x86.Deploy.0 = Release|x86
		{D4357184-82D4-484F-A683-C45F10CC0CD3}.Debug|Any CPU.ActiveCfg = Debug|x86
		{D4357184-82D4-484F-A683-C45F10CC0CD3}.Debug|ARM.ActiveCfg = Debug|ARM
		{D4357184-82D4-484F-A683-C45F10CC0CD3}.Debug|ARM.Build.0 = Debug|ARM
		{D4357184-82D4-484F-A683-C45F10CC0CD3}.Debug|ARM.Deploy.0 = Debug|ARM
		{D4357184-82D4-484F-A683-C45F10CC0CD3}.Debug|ARM64.ActiveCfg = Debug|x86
		{D4357184-82D4-484F-A683-C45F10CC0CD3}.Debug|x64.ActiveCfg = Debug|x64
		{D4357184-82D4-484F-A683-C45F10CC0CD3}.Debug|x64.Build.0 = Debug|x64
		{D4357184-82D4-484F-A683-C45F10CC0CD3}.Debug|x64.Deploy.0 = Debug|x64
		{D4357184-82D4-484F-A683-C45F10CC0CD3}.Debug|x86.ActiveCfg = Debug|x86
		{D4357184-82D4-484F-A683-C45F10CC0CD3}.Debug|x86.Build.0 = Debug|x86
		{D4357184-82D4-484F-A683-C45F10CC0CD3}.Debug|x86.Deploy.0 = Debug|x86
		{D4357184-82D4-484F-A683-C45F10CC0CD3}.Release|Any CPU.ActiveCfg = Release|x86
		{D4357184-82D4-484F-A683-C45F10CC0CD3}.Release|ARM.ActiveCfg = Release|ARM
		{D4357184-82D4-484F-A683-C45F10CC0CD3}.Release|ARM.Build.0 = Release|ARM
		{D4357184-82D4-484F-A683-C45F10CC0CD3}.Release|ARM.Deploy.0 = Release|ARM
		{D4357184-82D4-484F-A683-C45F10CC0CD3}.Release|ARM64.ActiveCfg = Release|x86
		{D4357184-82D4-484F-A683-C45F10CC0CD3}.Release|x64.ActiveCfg = Release|x64
		{D4357184-82D4-484F-A683-C45F10CC0CD3}.Release|x64.Build.0 = Release|x64
		{D4357184-82D4-484F-A683-C45F10CC0CD3}.Release|x64.Deploy.0 = Release|x64
		{D4357184-82D4-484F-A683-C45F10CC0CD3}.Release|x86.ActiveCfg = Release|x86
		{D4357184-82D4-484F-A683-C45F10CC0CD3}.Release|x86.Build.0 = Release|x86
		{D4357184-82D4-484F-A683-C45F10CC0CD3}.Release|x86.Deploy.0 = Release|x86
		{66705E1F-24E1-4C16-8533-CB0EFA063275}.Debug|Any CPU.ActiveCfg = Debug|x86
		{66705E1F-24E1-4C16-8533-CB0EFA063275}.Debug|ARM.ActiveCfg = Debug|ARM
		{66705E1F-24E1-4C16-8533-CB0EFA063275}.Debug|ARM.Build.0 = Debug|ARM
		{66705E1F-24E1-4C16-8533-CB0EFA063275}.Debug|ARM.Deploy.0 = Debug|ARM
		{66705E1F-24E1-4C16-8533-CB0EFA063275}.Debug|ARM64.ActiveCfg = Debug|x86
		{66705E1F-24E1-4C16-8533-CB0EFA063275}.Debug|x64.ActiveCfg = Debug|x64
		{66705E1F-24E1-4C16-8533-CB0EFA063275}.Debug|x64.Build.0 = Debug|x64
		{66705E1F-24E1-4C16-8533-CB0EFA063275}.Debug|x64.Deploy.0 = Debug|x64
		{66705E1F-24E1-4C16-8533-CB0EFA063275}.Debug|x86.ActiveCfg = Debug|x86
		{66705E1F-24E1-4C16-8533-CB0EFA063275}.Debug|x86.Build.0 = Debug|x86
		{66705E1F-24E1-4C16-8533-CB0EFA063275}.Debug|x86.Deploy.0 = Debug|x86
		{66705E1F-24E1-4C16-8533-CB0EFA063275}.Release|Any CPU.ActiveCfg = Release|x86
		{66705E1F-24E1-4C16-8533-CB0EFA063275}.Release|ARM.ActiveCfg = Release|ARM
		{66705E1F-24E1-4C16-8533-CB0EFA063275}.Release|ARM.Build.0 = Release|ARM
		{66705E1F-24E1-4C16-8533-CB0EFA063275}.Release|ARM.Deploy.0 = Release|ARM
		{66705E1F-24E1-4C16-8533-CB0EFA063275}.Release|ARM64.ActiveCfg = Release|x86
		{66705E1F-24E1-4C16-8533-CB0EFA063275}.Release|x64.ActiveCfg = Release|x64
		{66705E1F-24E1-4C16-8533-CB0EFA063275}.Release|x64.Build.0 = Release|x64
		{66705E1F-24E1-4C16-8533-CB0EFA063275}.Release|x64.Deploy.0 = Release|x64
		{66705E1F-24E1-4C16-8533-CB0EFA063275}.Release|x86.ActiveCfg = Release|x86
		{66705E1F-24E1-4C16-8533-CB0EFA063275}.Release|x86.Build.0 = Release|x86
		{66705E1F-24E1-4C16-8533-CB0EFA063275}.Release|x86.Deploy.0 = Release|x86
		{13FF0199-F8A4-48FF-959A-CF365D2DF200}.Debug|Any CPU.ActiveCfg = Debug|x86
		{13FF0199-F8A4-48FF-959A-CF365D2DF200}.Debug|Any CPU.Build.0 = Debug|x86
		{13FF0199-F8A4-48FF-959A-CF365D2DF200}.Debug|Any CPU.Deploy.0 = Debug|x86
		{13FF0199-F8A4-48FF-959A-CF365D2DF200}.Debug|ARM.ActiveCfg = Debug|ARM
		{13FF0199-F8A4-48FF-959A-CF365D2DF200}.Debug|ARM.Build.0 = Debug|ARM
		{13FF0199-F8A4-48FF-959A-CF365D2DF200}.Debug|ARM.Deploy.0 = Debug|ARM
		{13FF0199-F8A4-48FF-959A-CF365D2DF200}.Debug|ARM64.ActiveCfg = Debug|ARM64
		{13FF0199-F8A4-48FF-959A-CF365D2DF200}.Debug|ARM64.Build.0 = Debug|ARM64
		{13FF0199-F8A4-48FF-959A-CF365D2DF200}.Debug|ARM64.Deploy.0 = Debug|ARM64
		{13FF0199-F8A4-48FF-959A-CF365D2DF200}.Debug|x64.ActiveCfg = Debug|x64
		{13FF0199-F8A4-48FF-959A-CF365D2DF200}.Debug|x64.Build.0 = Debug|x64
		{13FF0199-F8A4-48FF-959A-CF365D2DF200}.Debug|x64.Deploy.0 = Debug|x64
		{13FF0199-F8A4-48FF-959A-CF365D2DF200}.Debug|x86.ActiveCfg = Debug|x86
		{13FF0199-F8A4-48FF-959A-CF365D2DF200}.Debug|x86.Build.0 = Debug|x86
		{13FF0199-F8A4-48FF-959A-CF365D2DF200}.Debug|x86.Deploy.0 = Debug|x86
		{13FF0199-F8A4-48FF-959A-CF365D2DF200}.Release|Any CPU.ActiveCfg = Release|x86
		{13FF0199-F8A4-48FF-959A-CF365D2DF200}.Release|ARM.ActiveCfg = Release|ARM
		{13FF0199-F8A4-48FF-959A-CF365D2DF200}.Release|ARM.Build.0 = Release|ARM
		{13FF0199-F8A4-48FF-959A-CF365D2DF200}.Release|ARM.Deploy.0 = Release|ARM
		{13FF0199-F8A4-48FF-959A-CF365D2DF200}.Release|ARM64.ActiveCfg = Release|ARM64
		{13FF0199-F8A4-48FF-959A-CF365D2DF200}.Release|ARM64.Build.0 = Release|ARM64
		{13FF0199-F8A4-48FF-959A-CF365D2DF200}.Release|ARM64.Deploy.0 = Release|ARM64
		{13FF0199-F8A4-48FF-959A-CF365D2DF200}.Release|x64.ActiveCfg = Release|x64
		{13FF0199-F8A4-48FF-959A-CF365D2DF200}.Release|x64.Build.0 = Release|x64
		{13FF0199-F8A4-48FF-959A-CF365D2DF200}.Release|x64.Deploy.0 = Release|x64
		{13FF0199-F8A4-48FF-959A-CF365D2DF200}.Release|x86.ActiveCfg = Release|x86
		{13FF0199-F8A4-48FF-959A-CF365D2DF200}.Release|x86.Build.0 = Release|x86
		{13FF0199-F8A4-48FF-959A-CF365D2DF200}.Release|x86.Deploy.0 = Release|x86
		{28349A3E-1DEF-4774-A34E-FAA775D1F54B}.Debug|Any CPU.ActiveCfg = Debug|Any CPU
		{28349A3E-1DEF-4774-A34E-FAA775D1F54B}.Debug|Any CPU.Build.0 = Debug|Any CPU
		{28349A3E-1DEF-4774-A34E-FAA775D1F54B}.Debug|ARM.ActiveCfg = Debug|Any CPU
		{28349A3E-1DEF-4774-A34E-FAA775D1F54B}.Debug|ARM.Build.0 = Debug|Any CPU
		{28349A3E-1DEF-4774-A34E-FAA775D1F54B}.Debug|ARM64.ActiveCfg = Debug|Any CPU
		{28349A3E-1DEF-4774-A34E-FAA775D1F54B}.Debug|ARM64.Build.0 = Debug|Any CPU
		{28349A3E-1DEF-4774-A34E-FAA775D1F54B}.Debug|x64.ActiveCfg = Debug|Any CPU
		{28349A3E-1DEF-4774-A34E-FAA775D1F54B}.Debug|x64.Build.0 = Debug|Any CPU
		{28349A3E-1DEF-4774-A34E-FAA775D1F54B}.Debug|x86.ActiveCfg = Debug|Any CPU
		{28349A3E-1DEF-4774-A34E-FAA775D1F54B}.Debug|x86.Build.0 = Debug|Any CPU
		{28349A3E-1DEF-4774-A34E-FAA775D1F54B}.Release|Any CPU.ActiveCfg = Release|Any CPU
		{28349A3E-1DEF-4774-A34E-FAA775D1F54B}.Release|Any CPU.Build.0 = Release|Any CPU
		{28349A3E-1DEF-4774-A34E-FAA775D1F54B}.Release|ARM.ActiveCfg = Release|Any CPU
		{28349A3E-1DEF-4774-A34E-FAA775D1F54B}.Release|ARM.Build.0 = Release|Any CPU
		{28349A3E-1DEF-4774-A34E-FAA775D1F54B}.Release|ARM64.ActiveCfg = Release|Any CPU
		{28349A3E-1DEF-4774-A34E-FAA775D1F54B}.Release|ARM64.Build.0 = Release|Any CPU
		{28349A3E-1DEF-4774-A34E-FAA775D1F54B}.Release|x64.ActiveCfg = Release|Any CPU
		{28349A3E-1DEF-4774-A34E-FAA775D1F54B}.Release|x64.Build.0 = Release|Any CPU
		{28349A3E-1DEF-4774-A34E-FAA775D1F54B}.Release|x86.ActiveCfg = Release|Any CPU
		{28349A3E-1DEF-4774-A34E-FAA775D1F54B}.Release|x86.Build.0 = Release|Any CPU
		{91AE79D1-FFFF-4BEC-A013-5DDD00D14E00}.Debug|Any CPU.ActiveCfg = Debug|Any CPU
		{91AE79D1-FFFF-4BEC-A013-5DDD00D14E00}.Debug|Any CPU.Build.0 = Debug|Any CPU
		{91AE79D1-FFFF-4BEC-A013-5DDD00D14E00}.Debug|ARM.ActiveCfg = Debug|Any CPU
		{91AE79D1-FFFF-4BEC-A013-5DDD00D14E00}.Debug|ARM.Build.0 = Debug|Any CPU
		{91AE79D1-FFFF-4BEC-A013-5DDD00D14E00}.Debug|ARM64.ActiveCfg = Debug|Any CPU
		{91AE79D1-FFFF-4BEC-A013-5DDD00D14E00}.Debug|ARM64.Build.0 = Debug|Any CPU
		{91AE79D1-FFFF-4BEC-A013-5DDD00D14E00}.Debug|x64.ActiveCfg = Debug|Any CPU
		{91AE79D1-FFFF-4BEC-A013-5DDD00D14E00}.Debug|x64.Build.0 = Debug|Any CPU
		{91AE79D1-FFFF-4BEC-A013-5DDD00D14E00}.Debug|x86.ActiveCfg = Debug|Any CPU
		{91AE79D1-FFFF-4BEC-A013-5DDD00D14E00}.Debug|x86.Build.0 = Debug|Any CPU
		{91AE79D1-FFFF-4BEC-A013-5DDD00D14E00}.Release|Any CPU.ActiveCfg = Release|Any CPU
		{91AE79D1-FFFF-4BEC-A013-5DDD00D14E00}.Release|Any CPU.Build.0 = Release|Any CPU
		{91AE79D1-FFFF-4BEC-A013-5DDD00D14E00}.Release|ARM.ActiveCfg = Release|Any CPU
		{91AE79D1-FFFF-4BEC-A013-5DDD00D14E00}.Release|ARM.Build.0 = Release|Any CPU
		{91AE79D1-FFFF-4BEC-A013-5DDD00D14E00}.Release|ARM64.ActiveCfg = Release|Any CPU
		{91AE79D1-FFFF-4BEC-A013-5DDD00D14E00}.Release|ARM64.Build.0 = Release|Any CPU
		{91AE79D1-FFFF-4BEC-A013-5DDD00D14E00}.Release|x64.ActiveCfg = Release|Any CPU
		{91AE79D1-FFFF-4BEC-A013-5DDD00D14E00}.Release|x64.Build.0 = Release|Any CPU
		{91AE79D1-FFFF-4BEC-A013-5DDD00D14E00}.Release|x86.ActiveCfg = Release|Any CPU
		{91AE79D1-FFFF-4BEC-A013-5DDD00D14E00}.Release|x86.Build.0 = Release|Any CPU
		{1E4D3716-AF98-42E4-B3BF-4F7D7EF38DA5}.Debug|Any CPU.ActiveCfg = Debug|x86
		{1E4D3716-AF98-42E4-B3BF-4F7D7EF38DA5}.Debug|ARM.ActiveCfg = Debug|ARM
		{1E4D3716-AF98-42E4-B3BF-4F7D7EF38DA5}.Debug|ARM.Build.0 = Debug|ARM
		{1E4D3716-AF98-42E4-B3BF-4F7D7EF38DA5}.Debug|ARM.Deploy.0 = Debug|ARM
		{1E4D3716-AF98-42E4-B3BF-4F7D7EF38DA5}.Debug|ARM64.ActiveCfg = Debug|ARM64
		{1E4D3716-AF98-42E4-B3BF-4F7D7EF38DA5}.Debug|ARM64.Build.0 = Debug|ARM64
		{1E4D3716-AF98-42E4-B3BF-4F7D7EF38DA5}.Debug|ARM64.Deploy.0 = Debug|ARM64
		{1E4D3716-AF98-42E4-B3BF-4F7D7EF38DA5}.Debug|x64.ActiveCfg = Debug|x64
		{1E4D3716-AF98-42E4-B3BF-4F7D7EF38DA5}.Debug|x64.Build.0 = Debug|x64
		{1E4D3716-AF98-42E4-B3BF-4F7D7EF38DA5}.Debug|x64.Deploy.0 = Debug|x64
		{1E4D3716-AF98-42E4-B3BF-4F7D7EF38DA5}.Debug|x86.ActiveCfg = Debug|x86
		{1E4D3716-AF98-42E4-B3BF-4F7D7EF38DA5}.Debug|x86.Build.0 = Debug|x86
		{1E4D3716-AF98-42E4-B3BF-4F7D7EF38DA5}.Debug|x86.Deploy.0 = Debug|x86
		{1E4D3716-AF98-42E4-B3BF-4F7D7EF38DA5}.Release|Any CPU.ActiveCfg = Release|x86
		{1E4D3716-AF98-42E4-B3BF-4F7D7EF38DA5}.Release|ARM.ActiveCfg = Release|ARM
		{1E4D3716-AF98-42E4-B3BF-4F7D7EF38DA5}.Release|ARM.Build.0 = Release|ARM
		{1E4D3716-AF98-42E4-B3BF-4F7D7EF38DA5}.Release|ARM.Deploy.0 = Release|ARM
		{1E4D3716-AF98-42E4-B3BF-4F7D7EF38DA5}.Release|ARM64.ActiveCfg = Release|ARM64
		{1E4D3716-AF98-42E4-B3BF-4F7D7EF38DA5}.Release|ARM64.Build.0 = Release|ARM64
		{1E4D3716-AF98-42E4-B3BF-4F7D7EF38DA5}.Release|ARM64.Deploy.0 = Release|ARM64
		{1E4D3716-AF98-42E4-B3BF-4F7D7EF38DA5}.Release|x64.ActiveCfg = Release|x64
		{1E4D3716-AF98-42E4-B3BF-4F7D7EF38DA5}.Release|x64.Build.0 = Release|x64
		{1E4D3716-AF98-42E4-B3BF-4F7D7EF38DA5}.Release|x64.Deploy.0 = Release|x64
		{1E4D3716-AF98-42E4-B3BF-4F7D7EF38DA5}.Release|x86.ActiveCfg = Release|x86
		{1E4D3716-AF98-42E4-B3BF-4F7D7EF38DA5}.Release|x86.Build.0 = Release|x86
		{1E4D3716-AF98-42E4-B3BF-4F7D7EF38DA5}.Release|x86.Deploy.0 = Release|x86
		{9981133A-6118-498E-B872-6EB092A4005F}.Debug|Any CPU.ActiveCfg = Debug|Any CPU
		{9981133A-6118-498E-B872-6EB092A4005F}.Debug|Any CPU.Build.0 = Debug|Any CPU
		{9981133A-6118-498E-B872-6EB092A4005F}.Debug|ARM.ActiveCfg = Debug|Any CPU
		{9981133A-6118-498E-B872-6EB092A4005F}.Debug|ARM.Build.0 = Debug|Any CPU
		{9981133A-6118-498E-B872-6EB092A4005F}.Debug|ARM64.ActiveCfg = Debug|Any CPU
		{9981133A-6118-498E-B872-6EB092A4005F}.Debug|ARM64.Build.0 = Debug|Any CPU
		{9981133A-6118-498E-B872-6EB092A4005F}.Debug|x64.ActiveCfg = Debug|Any CPU
		{9981133A-6118-498E-B872-6EB092A4005F}.Debug|x64.Build.0 = Debug|Any CPU
		{9981133A-6118-498E-B872-6EB092A4005F}.Debug|x86.ActiveCfg = Debug|Any CPU
		{9981133A-6118-498E-B872-6EB092A4005F}.Debug|x86.Build.0 = Debug|Any CPU
		{9981133A-6118-498E-B872-6EB092A4005F}.Release|Any CPU.ActiveCfg = Release|Any CPU
		{9981133A-6118-498E-B872-6EB092A4005F}.Release|Any CPU.Build.0 = Release|Any CPU
		{9981133A-6118-498E-B872-6EB092A4005F}.Release|ARM.ActiveCfg = Release|Any CPU
		{9981133A-6118-498E-B872-6EB092A4005F}.Release|ARM.Build.0 = Release|Any CPU
		{9981133A-6118-498E-B872-6EB092A4005F}.Release|ARM64.ActiveCfg = Release|Any CPU
		{9981133A-6118-498E-B872-6EB092A4005F}.Release|ARM64.Build.0 = Release|Any CPU
		{9981133A-6118-498E-B872-6EB092A4005F}.Release|x64.ActiveCfg = Release|Any CPU
		{9981133A-6118-498E-B872-6EB092A4005F}.Release|x64.Build.0 = Release|Any CPU
		{9981133A-6118-498E-B872-6EB092A4005F}.Release|x86.ActiveCfg = Release|Any CPU
		{9981133A-6118-498E-B872-6EB092A4005F}.Release|x86.Build.0 = Release|Any CPU
		{319A8935-2F59-4334-9D09-4FF1EE67B1A7}.Debug|Any CPU.ActiveCfg = Debug|x86
		{319A8935-2F59-4334-9D09-4FF1EE67B1A7}.Debug|ARM.ActiveCfg = Debug|ARM
		{319A8935-2F59-4334-9D09-4FF1EE67B1A7}.Debug|ARM.Build.0 = Debug|ARM
		{319A8935-2F59-4334-9D09-4FF1EE67B1A7}.Debug|ARM.Deploy.0 = Debug|ARM
		{319A8935-2F59-4334-9D09-4FF1EE67B1A7}.Debug|ARM64.ActiveCfg = Debug|ARM64
		{319A8935-2F59-4334-9D09-4FF1EE67B1A7}.Debug|ARM64.Build.0 = Debug|ARM64
		{319A8935-2F59-4334-9D09-4FF1EE67B1A7}.Debug|ARM64.Deploy.0 = Debug|ARM64
		{319A8935-2F59-4334-9D09-4FF1EE67B1A7}.Debug|x64.ActiveCfg = Debug|x64
		{319A8935-2F59-4334-9D09-4FF1EE67B1A7}.Debug|x64.Build.0 = Debug|x64
		{319A8935-2F59-4334-9D09-4FF1EE67B1A7}.Debug|x64.Deploy.0 = Debug|x64
		{319A8935-2F59-4334-9D09-4FF1EE67B1A7}.Debug|x86.ActiveCfg = Debug|x86
		{319A8935-2F59-4334-9D09-4FF1EE67B1A7}.Debug|x86.Build.0 = Debug|x86
		{319A8935-2F59-4334-9D09-4FF1EE67B1A7}.Debug|x86.Deploy.0 = Debug|x86
		{319A8935-2F59-4334-9D09-4FF1EE67B1A7}.Release|Any CPU.ActiveCfg = Release|x86
		{319A8935-2F59-4334-9D09-4FF1EE67B1A7}.Release|ARM.ActiveCfg = Release|ARM
		{319A8935-2F59-4334-9D09-4FF1EE67B1A7}.Release|ARM.Build.0 = Release|ARM
		{319A8935-2F59-4334-9D09-4FF1EE67B1A7}.Release|ARM.Deploy.0 = Release|ARM
		{319A8935-2F59-4334-9D09-4FF1EE67B1A7}.Release|ARM64.ActiveCfg = Release|ARM64
		{319A8935-2F59-4334-9D09-4FF1EE67B1A7}.Release|ARM64.Build.0 = Release|ARM64
		{319A8935-2F59-4334-9D09-4FF1EE67B1A7}.Release|ARM64.Deploy.0 = Release|ARM64
		{319A8935-2F59-4334-9D09-4FF1EE67B1A7}.Release|x64.ActiveCfg = Release|x64
		{319A8935-2F59-4334-9D09-4FF1EE67B1A7}.Release|x64.Build.0 = Release|x64
		{319A8935-2F59-4334-9D09-4FF1EE67B1A7}.Release|x64.Deploy.0 = Release|x64
		{319A8935-2F59-4334-9D09-4FF1EE67B1A7}.Release|x86.ActiveCfg = Release|x86
		{319A8935-2F59-4334-9D09-4FF1EE67B1A7}.Release|x86.Build.0 = Release|x86
		{319A8935-2F59-4334-9D09-4FF1EE67B1A7}.Release|x86.Deploy.0 = Release|x86
		{AD369C3F-A37F-4346-AA64-9DD2052C59E0}.Debug|Any CPU.ActiveCfg = Debug|Any CPU
		{AD369C3F-A37F-4346-AA64-9DD2052C59E0}.Debug|Any CPU.Build.0 = Debug|Any CPU
		{AD369C3F-A37F-4346-AA64-9DD2052C59E0}.Debug|ARM.ActiveCfg = Debug|Any CPU
		{AD369C3F-A37F-4346-AA64-9DD2052C59E0}.Debug|ARM.Build.0 = Debug|Any CPU
		{AD369C3F-A37F-4346-AA64-9DD2052C59E0}.Debug|ARM64.ActiveCfg = Debug|Any CPU
		{AD369C3F-A37F-4346-AA64-9DD2052C59E0}.Debug|ARM64.Build.0 = Debug|Any CPU
		{AD369C3F-A37F-4346-AA64-9DD2052C59E0}.Debug|x64.ActiveCfg = Debug|Any CPU
		{AD369C3F-A37F-4346-AA64-9DD2052C59E0}.Debug|x64.Build.0 = Debug|Any CPU
		{AD369C3F-A37F-4346-AA64-9DD2052C59E0}.Debug|x86.ActiveCfg = Debug|Any CPU
		{AD369C3F-A37F-4346-AA64-9DD2052C59E0}.Debug|x86.Build.0 = Debug|Any CPU
		{AD369C3F-A37F-4346-AA64-9DD2052C59E0}.Release|Any CPU.ActiveCfg = Release|Any CPU
		{AD369C3F-A37F-4346-AA64-9DD2052C59E0}.Release|Any CPU.Build.0 = Release|Any CPU
		{AD369C3F-A37F-4346-AA64-9DD2052C59E0}.Release|ARM.ActiveCfg = Release|Any CPU
		{AD369C3F-A37F-4346-AA64-9DD2052C59E0}.Release|ARM.Build.0 = Release|Any CPU
		{AD369C3F-A37F-4346-AA64-9DD2052C59E0}.Release|ARM64.ActiveCfg = Release|Any CPU
		{AD369C3F-A37F-4346-AA64-9DD2052C59E0}.Release|ARM64.Build.0 = Release|Any CPU
		{AD369C3F-A37F-4346-AA64-9DD2052C59E0}.Release|x64.ActiveCfg = Release|Any CPU
		{AD369C3F-A37F-4346-AA64-9DD2052C59E0}.Release|x64.Build.0 = Release|Any CPU
		{AD369C3F-A37F-4346-AA64-9DD2052C59E0}.Release|x86.ActiveCfg = Release|Any CPU
		{AD369C3F-A37F-4346-AA64-9DD2052C59E0}.Release|x86.Build.0 = Release|Any CPU
		{60F61C71-CF5E-4526-94BD-2436457089A6}.Debug|Any CPU.ActiveCfg = Debug|x86
		{60F61C71-CF5E-4526-94BD-2436457089A6}.Debug|Any CPU.Build.0 = Debug|x86
		{60F61C71-CF5E-4526-94BD-2436457089A6}.Debug|Any CPU.Deploy.0 = Debug|x86
		{60F61C71-CF5E-4526-94BD-2436457089A6}.Debug|ARM.ActiveCfg = Debug|ARM
		{60F61C71-CF5E-4526-94BD-2436457089A6}.Debug|ARM.Build.0 = Debug|ARM
		{60F61C71-CF5E-4526-94BD-2436457089A6}.Debug|ARM.Deploy.0 = Debug|ARM
		{60F61C71-CF5E-4526-94BD-2436457089A6}.Debug|ARM64.ActiveCfg = Debug|ARM64
		{60F61C71-CF5E-4526-94BD-2436457089A6}.Debug|ARM64.Build.0 = Debug|ARM64
		{60F61C71-CF5E-4526-94BD-2436457089A6}.Debug|ARM64.Deploy.0 = Debug|ARM64
		{60F61C71-CF5E-4526-94BD-2436457089A6}.Debug|x64.ActiveCfg = Debug|x64
		{60F61C71-CF5E-4526-94BD-2436457089A6}.Debug|x64.Build.0 = Debug|x64
		{60F61C71-CF5E-4526-94BD-2436457089A6}.Debug|x64.Deploy.0 = Debug|x64
		{60F61C71-CF5E-4526-94BD-2436457089A6}.Debug|x86.ActiveCfg = Debug|x86
		{60F61C71-CF5E-4526-94BD-2436457089A6}.Debug|x86.Build.0 = Debug|x86
		{60F61C71-CF5E-4526-94BD-2436457089A6}.Debug|x86.Deploy.0 = Debug|x86
		{60F61C71-CF5E-4526-94BD-2436457089A6}.Release|Any CPU.ActiveCfg = Release|x86
		{60F61C71-CF5E-4526-94BD-2436457089A6}.Release|ARM.ActiveCfg = Release|ARM
		{60F61C71-CF5E-4526-94BD-2436457089A6}.Release|ARM.Build.0 = Release|ARM
		{60F61C71-CF5E-4526-94BD-2436457089A6}.Release|ARM.Deploy.0 = Release|ARM
		{60F61C71-CF5E-4526-94BD-2436457089A6}.Release|ARM64.ActiveCfg = Release|ARM64
		{60F61C71-CF5E-4526-94BD-2436457089A6}.Release|ARM64.Build.0 = Release|ARM64
		{60F61C71-CF5E-4526-94BD-2436457089A6}.Release|ARM64.Deploy.0 = Release|ARM64
		{60F61C71-CF5E-4526-94BD-2436457089A6}.Release|x64.ActiveCfg = Release|x64
		{60F61C71-CF5E-4526-94BD-2436457089A6}.Release|x64.Build.0 = Release|x64
		{60F61C71-CF5E-4526-94BD-2436457089A6}.Release|x64.Deploy.0 = Release|x64
		{60F61C71-CF5E-4526-94BD-2436457089A6}.Release|x86.ActiveCfg = Release|x86
		{60F61C71-CF5E-4526-94BD-2436457089A6}.Release|x86.Build.0 = Release|x86
		{60F61C71-CF5E-4526-94BD-2436457089A6}.Release|x86.Deploy.0 = Release|x86
		{7F14D96F-B055-4109-9676-ADDD6A2C8089}.Debug|Any CPU.ActiveCfg = Debug|x64
		{7F14D96F-B055-4109-9676-ADDD6A2C8089}.Debug|Any CPU.Build.0 = Debug|x64
		{7F14D96F-B055-4109-9676-ADDD6A2C8089}.Debug|Any CPU.Deploy.0 = Debug|x64
		{7F14D96F-B055-4109-9676-ADDD6A2C8089}.Debug|ARM.ActiveCfg = Debug|x64
		{7F14D96F-B055-4109-9676-ADDD6A2C8089}.Debug|ARM64.ActiveCfg = Debug|x64
		{7F14D96F-B055-4109-9676-ADDD6A2C8089}.Debug|x64.ActiveCfg = Debug|x64
		{7F14D96F-B055-4109-9676-ADDD6A2C8089}.Debug|x64.Build.0 = Debug|x64
		{7F14D96F-B055-4109-9676-ADDD6A2C8089}.Debug|x64.Deploy.0 = Debug|x64
		{7F14D96F-B055-4109-9676-ADDD6A2C8089}.Debug|x86.ActiveCfg = Debug|x64
		{7F14D96F-B055-4109-9676-ADDD6A2C8089}.Release|Any CPU.ActiveCfg = Release|x64
		{7F14D96F-B055-4109-9676-ADDD6A2C8089}.Release|ARM.ActiveCfg = Release|x64
		{7F14D96F-B055-4109-9676-ADDD6A2C8089}.Release|ARM64.ActiveCfg = Release|x64
		{7F14D96F-B055-4109-9676-ADDD6A2C8089}.Release|x64.ActiveCfg = Release|x64
		{7F14D96F-B055-4109-9676-ADDD6A2C8089}.Release|x64.Build.0 = Release|x64
		{7F14D96F-B055-4109-9676-ADDD6A2C8089}.Release|x64.Deploy.0 = Release|x64
		{7F14D96F-B055-4109-9676-ADDD6A2C8089}.Release|x86.ActiveCfg = Release|x64
	EndGlobalSection
	GlobalSection(SolutionProperties) = preSolution
		HideSolutionNode = FALSE
	EndGlobalSection
	GlobalSection(NestedProjects) = preSolution
		{3E4AB970-207B-41AA-93D0-9FE1413E3D72} = {ACF690AC-595E-436C-839B-7B9C3844016B}
		{D4357184-82D4-484F-A683-C45F10CC0CD3} = {ACF690AC-595E-436C-839B-7B9C3844016B}
		{66705E1F-24E1-4C16-8533-CB0EFA063275} = {ACF690AC-595E-436C-839B-7B9C3844016B}
		{13FF0199-F8A4-48FF-959A-CF365D2DF200} = {79D1A9EB-FC9E-4FC5-A3E3-AF1907DFA02D}
		{28349A3E-1DEF-4774-A34E-FAA775D1F54B} = {79D1A9EB-FC9E-4FC5-A3E3-AF1907DFA02D}
		{91AE79D1-FFFF-4BEC-A013-5DDD00D14E00} = {617A1A31-DBD8-4E46-8E16-AC7758E377EC}
		{1E4D3716-AF98-42E4-B3BF-4F7D7EF38DA5} = {617A1A31-DBD8-4E46-8E16-AC7758E377EC}
		{9981133A-6118-498E-B872-6EB092A4005F} = {79D1A9EB-FC9E-4FC5-A3E3-AF1907DFA02D}
		{319A8935-2F59-4334-9D09-4FF1EE67B1A7} = {79D1A9EB-FC9E-4FC5-A3E3-AF1907DFA02D}
		{7F14D96F-B055-4109-9676-ADDD6A2C8089} = {3E43A3F0-BB3F-4879-A6C5-D1A69B575928}
	EndGlobalSection
	GlobalSection(ExtensibilityGlobals) = postSolution
		SolutionGuid = {9703929A-908D-4422-B95C-508A06A0862F}
	EndGlobalSection
	GlobalSection(TeamFoundationVersionControl) = preSolution
		SccNumberOfProjects = 13
		SccEnterpriseProvider = {4CA58AB2-18FA-4F8D-95D4-32DDF27D184C}
		SccTeamFoundationServer = https://elbruno.visualstudio.com/defaultcollection
		SccProjectUniqueName0 = CustomVisionMarvel01\\CustomVisionMarvel01.csproj
		SccProjectTopLevelParentUniqueName0 = Custom\u0020Vision\u0020Office\u0020Watcher\u0020Mac.sln
		SccProjectName0 = CustomVisionMarvel01
		SccLocalPath0 = CustomVisionMarvel01
		SccProjectUniqueName1 = CustomVisionMarvelConsole01\\CustomVisionMarvelConsole01.csproj
		SccProjectTopLevelParentUniqueName1 = Custom\u0020Vision\u0020Office\u0020Watcher\u0020Mac.sln
		SccProjectName1 = CustomVisionMarvelConsole01
		SccLocalPath1 = CustomVisionMarvelConsole01
		SccProjectUniqueName2 = CustomVisionMarvelConsoleDocker01\\CustomVisionMarvelConsoleDocker01.csproj
		SccProjectTopLevelParentUniqueName2 = Custom\u0020Vision\u0020Office\u0020Watcher\u0020Mac.sln
		SccProjectName2 = CustomVisionMarvelConsoleDocker01
		SccLocalPath2 = CustomVisionMarvelConsoleDocker01
		SccProjectUniqueName3 = CustomVisionMarvelUwpDocker01\\CustomVisionMarvelUwpDocker01.csproj
		SccProjectTopLevelParentUniqueName3 = Custom\u0020Vision\u0020Office\u0020Watcher\u0020Mac.sln
		SccProjectName3 = CustomVisionMarvelUwpDocker01
		SccLocalPath3 = CustomVisionMarvelUwpDocker01
		SccProjectUniqueName4 = OfficeWatcher00\\OfficeWatcher00.csproj
		SccProjectTopLevelParentUniqueName4 = Custom\u0020Vision\u0020Office\u0020Watcher\u0020Mac.sln
		SccProjectName4 = OfficeWatcher00
		SccLocalPath4 = OfficeWatcher00
		SccProjectUniqueName5 = OfficeWatcher01\\OfficeWatcher01.csproj
		SccProjectTopLevelParentUniqueName5 = Custom\u0020Vision\u0020Office\u0020Watcher\u0020Mac.sln
		SccProjectName5 = OfficeWatcher01
		SccLocalPath5 = OfficeWatcher01
		SccProjectUniqueName6 = OfficeWatcher04\\OfficeWatcher04.csproj
		SccProjectTopLevelParentUniqueName6 = Custom\u0020Vision\u0020Office\u0020Watcher\u0020Mac.sln
		SccProjectName6 = OfficeWatcher04
		SccLocalPath6 = OfficeWatcher04
		SccProjectUniqueName7 = CodeMashConsole01\\CodeMashConsole01.csproj
		SccProjectTopLevelParentUniqueName7 = Custom\u0020Vision\u0020Office\u0020Watcher\u0020Mac.sln
		SccProjectName7 = CodeMashConsole01
		SccLocalPath7 = CodeMashConsole01
		SccProjectUniqueName8 = CodeMashMarvelUwp01\\CodeMashMarvelUwp01.csproj
		SccProjectTopLevelParentUniqueName8 = Custom\u0020Vision\u0020Office\u0020Watcher\u0020Mac.sln
		SccProjectName8 = CodeMashMarvelUwp01
		SccLocalPath8 = CodeMashMarvelUwp01
		SccProjectUniqueName9 = ChicagoCodeCampConsole01\\ChicagoCodeCampConsole01.csproj
		SccProjectName9 = ChicagoCodeCampConsole01
		SccLocalPath9 = ChicagoCodeCampConsole01
		SccProjectUniqueName10 = ChicagoCodeCampMarvelUwpApp01\\ChicagoCodeCampMarvelUwpApp01.csproj
		SccProjectName10 = ChicagoCodeCampMarvelUwpApp01
		SccLocalPath10 = ChicagoCodeCampMarvelUwpApp01
		SccProjectUniqueName11 = ObjectDetectorSample\\ObjectDetectorSample.csproj
		SccProjectTopLevelParentUniqueName11 = Custom\u0020Vision\u0020Office\u0020Watcher\u0020Mac.sln
		SccProjectName11 = ObjectDetectorSample
		SccLocalPath11 = ObjectDetectorSample
		SccLocalPath12 = .
	EndGlobalSection
EndGlobal
