
Microsoft Visual Studio Solution File, Format Version 12.00
# Visual Studio Version 16
VisualStudioVersion = 16.0.30626.31
MinimumVisualStudioVersion = 10.0.40219.1
Project("{9A19103F-16F7-4668-BE54-9A1E7A4F7556}") = "DotNetDrone01", "DotNetDrone01\DotNetDrone01.csproj", "{B2B4C1F3-94E1-49D6-85D5-5B38DE1610FE}"
EndProject
Project("{9A19103F-16F7-4668-BE54-9A1E7A4F7556}") = "DotNetDrone02", "DotNetDrone02\DotNetDrone02.csproj", "{99CB5062-5F5A-4F3E-A27B-C15843AE8368}"
EndProject
Project("{9A19103F-16F7-4668-BE54-9A1E7A4F7556}") = "DotNetDrone03", "DotNetDrone03\DotNetDrone03.csproj", "{F082EB28-AA1D-4C02-9281-1327A27D8F13}"
EndProject
Project("{9A19103F-16F7-4668-BE54-9A1E7A4F7556}") = "SimpleUdp", "Utils\SimpleUdp\SimpleUdp.csproj", "{B9AF56F3-4D4F-42C4-B95D-748A1C493276}"
EndProject
Project("{2150E333-8FDC-42A3-9474-1A3956D46DE8}") = "Support", "Support", "{0BCAA577-FFF4-42CC-8D9A-3CE5A5D5AD4B}"
EndProject
Project("{9A19103F-16F7-4668-BE54-9A1E7A4F7556}") = "DotNetDrone04", "DotNetDrone04\DotNetDrone04.csproj", "{93F9C540-0323-445B-BE34-0C3B9B5C36D8}"
EndProject
Project("{2150E333-8FDC-42A3-9474-1A3956D46DE8}") = "Labs", "Labs", "{80F1451C-6FDC-4B58-8AA7-57913C924A12}"
EndProject
Project("{2150E333-8FDC-42A3-9474-1A3956D46DE8}") = "Solution Items", "Solution Items", "{C33A2127-DB0D-4A30-9612-12E502BA5C28}"
	ProjectSection(SolutionItems) = preProject
		notes.txt = notes.txt
	EndProjectSection
EndProject
Project("{9A19103F-16F7-4668-BE54-9A1E7A4F7556}") = "DotNetShowDroneAI01", "DotNetShowDroneAI01\DotNetShowDroneAI01.csproj", "{0DA53DD3-608D-4510-8907-E4475A382643}"
EndProject
Project("{9A19103F-16F7-4668-BE54-9A1E7A4F7556}") = "DotNetShowDroneAI02", "DotNetShowDroneAI02\DotNetShowDroneAI02.csproj", "{61D4807A-FB33-4197-9FF5-2F6A6402D0D0}"
EndProject
Project("{9A19103F-16F7-4668-BE54-9A1E7A4F7556}") = "DotNetShowDroneAI03", "DotNetShowDroneAI03\DotNetShowDroneAI03.csproj", "{1DFC5B18-FB6B-4752-9F00-95223C4953DD}"
EndProject
Project("{9A19103F-16F7-4668-BE54-9A1E7A4F7556}") = "DotNetDrone05_Camera", "DotNetDrone05_Camera\DotNetDrone05_Camera.csproj", "{95661D10-383E-4E7B-A7A0-5EE78DF35713}"
EndProject
Project("{9A19103F-16F7-4668-BE54-9A1E7A4F7556}") = "DotNetDrone06_OpenCV44020200725", "DotNetDrone06_OpenCV44020200725\DotNetDrone06_OpenCV44020200725.csproj", "{BAB04E17-CC63-46B3-92D3-D9120FAEF0B1}"
EndProject
Project("{9A19103F-16F7-4668-BE54-9A1E7A4F7556}") = "DotNetDrone07_OpenCV_43020200701", "DotNetDrone07_OpenCV_43020200701\DotNetDrone07_OpenCV_43020200701.csproj", "{5C10472B-42EA-4A61-A892-F9C89D09DA4E}"
EndProject
Project("{9A19103F-16F7-4668-BE54-9A1E7A4F7556}") = "DotNetDrone08_OpenCV_42020200208", "DotNetDrone08_OpenCV_42020200208\DotNetDrone08_OpenCV_42020200208.csproj", "{83543A29-3639-422E-90B5-ABFB5CACD6A2}"
EndProject
Project("{9A19103F-16F7-4668-BE54-9A1E7A4F7556}") = "DotNetDrone10_Face", "DotNetDrone10_Face\DotNetDrone10_Face.csproj", "{EB1D539A-A1CE-481D-96FB-21159EB03DFA}"
EndProject
Project("{9A19103F-16F7-4668-BE54-9A1E7A4F7556}") = "DotNetShowDroneAI04", "DotNetShowDroneAI04\DotNetShowDroneAI04.csproj", "{3B61AD8C-589A-40C8-8AA2-23A66CA09A2A}"
EndProject
Project("{9A19103F-16F7-4668-BE54-9A1E7A4F7556}") = "DotNetDrone11_Canny", "DotNetDrone11_Canny\DotNetDrone11_Canny.csproj", "{F2ACA4A6-7B95-4A6D-AF57-44ABB6B7D4A2}"
EndProject
Project("{9A19103F-16F7-4668-BE54-9A1E7A4F7556}") = "DotNetDrone12_BananaFace", "DotNetDrone12_BananaFace\DotNetDrone12_BananaFace.csproj", "{497538AD-A1F1-4DE5-B18A-F6D3DF095D44}"
EndProject
Project("{2150E333-8FDC-42A3-9474-1A3956D46DE8}") = "OpenCV", "OpenCV", "{336D329B-78B9-4454-BA0E-A8CF4A5F669F}"
EndProject
Project("{9A19103F-16F7-4668-BE54-9A1E7A4F7556}") = "Demo01_CannyImage", "..\20201107 DotNet OpenCV\Demo01_CannyImage\Demo01_CannyImage.csproj", "{8CBEFB17-70F6-4DFE-AC3A-94B47AB86FFE}"
EndProject
Project("{9A19103F-16F7-4668-BE54-9A1E7A4F7556}") = "Demo02_WebCam", "..\20201107 DotNet OpenCV\Demo02_WebCam\Demo02_WebCam.csproj", "{1179DD83-896C-466A-A893-B214252EDD8B}"
EndProject
Project("{9A19103F-16F7-4668-BE54-9A1E7A4F7556}") = "Demo03_FaceDetection", "..\20201107 DotNet OpenCV\Demo03_FaceDetection\Demo03_FaceDetection.csproj", "{9B91E0A9-F2A4-4ACA-9D50-8715881691A5}"
EndProject
Project("{9A19103F-16F7-4668-BE54-9A1E7A4F7556}") = "Demo04_PersonDetector", "..\20201107 DotNet OpenCV\Demo04_PersonDetector\Demo04_PersonDetector.csproj", "{F55310BA-31AD-41AE-A0E5-EABC1CA17CCA}"
EndProject
Project("{9A19103F-16F7-4668-BE54-9A1E7A4F7556}") = "Demo05_BananaFace", "..\20201107 DotNet OpenCV\Demo05_BananaFace\Demo05_BananaFace.csproj", "{69DE56A8-273D-475F-BCF0-577DFD30A036}"
EndProject
Project("{9A19103F-16F7-4668-BE54-9A1E7A4F7556}") = "Demo06_HandPose", "..\20201107 DotNet OpenCV\Demo06_HandPose\Demo06_HandPose.csproj", "{49787B0C-B1B4-42E0-9E2C-6C769FF90C5E}"
EndProject
Project("{9A19103F-16F7-4668-BE54-9A1E7A4F7556}") = "DotNetDrone14_HandPose", "DotNetDrone14_HandPose\DotNetDrone14_HandPose.csproj", "{7A7735B2-B4DD-46E0-807E-A7420538BAE9}"
EndProject
Project("{9A19103F-16F7-4668-BE54-9A1E7A4F7556}") = "Demo07_FaceDetectionDnn", "..\20201107 DotNet OpenCV\Demo07_FaceDetectionDnn\Demo07_FaceDetectionDnn.csproj", "{DA83043A-8258-4964-93CE-5FDB50E13305}"
EndProject
Project("{FAE04EC0-301F-11D3-BF4B-00C04F79EFBC}") = "DotNetDrone15_FaceDnn", "DotNetDrone15_FaceDnn\DotNetDrone15_FaceDnn.csproj", "{837580D2-17FA-4AFF-B747-0C0DB29A990E}"
EndProject
Global
	GlobalSection(SolutionConfigurationPlatforms) = preSolution
		Debug|Any CPU = Debug|Any CPU
		Debug|x64 = Debug|x64
		Debug|x86 = Debug|x86
		Release|Any CPU = Release|Any CPU
		Release|x64 = Release|x64
		Release|x86 = Release|x86
	EndGlobalSection
	GlobalSection(ProjectConfigurationPlatforms) = postSolution
		{B2B4C1F3-94E1-49D6-85D5-5B38DE1610FE}.Debug|Any CPU.ActiveCfg = Debug|Any CPU
		{B2B4C1F3-94E1-49D6-85D5-5B38DE1610FE}.Debug|Any CPU.Build.0 = Debug|Any CPU
		{B2B4C1F3-94E1-49D6-85D5-5B38DE1610FE}.Debug|x64.ActiveCfg = Debug|Any CPU
		{B2B4C1F3-94E1-49D6-85D5-5B38DE1610FE}.Debug|x64.Build.0 = Debug|Any CPU
		{B2B4C1F3-94E1-49D6-85D5-5B38DE1610FE}.Debug|x86.ActiveCfg = Debug|Any CPU
		{B2B4C1F3-94E1-49D6-85D5-5B38DE1610FE}.Debug|x86.Build.0 = Debug|Any CPU
		{B2B4C1F3-94E1-49D6-85D5-5B38DE1610FE}.Release|Any CPU.ActiveCfg = Release|Any CPU
		{B2B4C1F3-94E1-49D6-85D5-5B38DE1610FE}.Release|Any CPU.Build.0 = Release|Any CPU
		{B2B4C1F3-94E1-49D6-85D5-5B38DE1610FE}.Release|x64.ActiveCfg = Release|Any CPU
		{B2B4C1F3-94E1-49D6-85D5-5B38DE1610FE}.Release|x64.Build.0 = Release|Any CPU
		{B2B4C1F3-94E1-49D6-85D5-5B38DE1610FE}.Release|x86.ActiveCfg = Release|Any CPU
		{B2B4C1F3-94E1-49D6-85D5-5B38DE1610FE}.Release|x86.Build.0 = Release|Any CPU
		{99CB5062-5F5A-4F3E-A27B-C15843AE8368}.Debug|Any CPU.ActiveCfg = Debug|Any CPU
		{99CB5062-5F5A-4F3E-A27B-C15843AE8368}.Debug|Any CPU.Build.0 = Debug|Any CPU
		{99CB5062-5F5A-4F3E-A27B-C15843AE8368}.Debug|x64.ActiveCfg = Debug|Any CPU
		{99CB5062-5F5A-4F3E-A27B-C15843AE8368}.Debug|x64.Build.0 = Debug|Any CPU
		{99CB5062-5F5A-4F3E-A27B-C15843AE8368}.Debug|x86.ActiveCfg = Debug|Any CPU
		{99CB5062-5F5A-4F3E-A27B-C15843AE8368}.Debug|x86.Build.0 = Debug|Any CPU
		{99CB5062-5F5A-4F3E-A27B-C15843AE8368}.Release|Any CPU.ActiveCfg = Release|Any CPU
		{99CB5062-5F5A-4F3E-A27B-C15843AE8368}.Release|Any CPU.Build.0 = Release|Any CPU
		{99CB5062-5F5A-4F3E-A27B-C15843AE8368}.Release|x64.ActiveCfg = Release|Any CPU
		{99CB5062-5F5A-4F3E-A27B-C15843AE8368}.Release|x64.Build.0 = Release|Any CPU
		{99CB5062-5F5A-4F3E-A27B-C15843AE8368}.Release|x86.ActiveCfg = Release|Any CPU
		{99CB5062-5F5A-4F3E-A27B-C15843AE8368}.Release|x86.Build.0 = Release|Any CPU
		{F082EB28-AA1D-4C02-9281-1327A27D8F13}.Debug|Any CPU.ActiveCfg = Debug|Any CPU
		{F082EB28-AA1D-4C02-9281-1327A27D8F13}.Debug|Any CPU.Build.0 = Debug|Any CPU
		{F082EB28-AA1D-4C02-9281-1327A27D8F13}.Debug|x64.ActiveCfg = Debug|Any CPU
		{F082EB28-AA1D-4C02-9281-1327A27D8F13}.Debug|x64.Build.0 = Debug|Any CPU
		{F082EB28-AA1D-4C02-9281-1327A27D8F13}.Debug|x86.ActiveCfg = Debug|Any CPU
		{F082EB28-AA1D-4C02-9281-1327A27D8F13}.Debug|x86.Build.0 = Debug|Any CPU
		{F082EB28-AA1D-4C02-9281-1327A27D8F13}.Release|Any CPU.ActiveCfg = Release|Any CPU
		{F082EB28-AA1D-4C02-9281-1327A27D8F13}.Release|Any CPU.Build.0 = Release|Any CPU
		{F082EB28-AA1D-4C02-9281-1327A27D8F13}.Release|x64.ActiveCfg = Release|Any CPU
		{F082EB28-AA1D-4C02-9281-1327A27D8F13}.Release|x64.Build.0 = Release|Any CPU
		{F082EB28-AA1D-4C02-9281-1327A27D8F13}.Release|x86.ActiveCfg = Release|Any CPU
		{F082EB28-AA1D-4C02-9281-1327A27D8F13}.Release|x86.Build.0 = Release|Any CPU
		{B9AF56F3-4D4F-42C4-B95D-748A1C493276}.Debug|Any CPU.ActiveCfg = Debug|Any CPU
		{B9AF56F3-4D4F-42C4-B95D-748A1C493276}.Debug|Any CPU.Build.0 = Debug|Any CPU
		{B9AF56F3-4D4F-42C4-B95D-748A1C493276}.Debug|x64.ActiveCfg = Debug|Any CPU
		{B9AF56F3-4D4F-42C4-B95D-748A1C493276}.Debug|x64.Build.0 = Debug|Any CPU
		{B9AF56F3-4D4F-42C4-B95D-748A1C493276}.Debug|x86.ActiveCfg = Debug|Any CPU
		{B9AF56F3-4D4F-42C4-B95D-748A1C493276}.Debug|x86.Build.0 = Debug|Any CPU
		{B9AF56F3-4D4F-42C4-B95D-748A1C493276}.Release|Any CPU.ActiveCfg = Release|Any CPU
		{B9AF56F3-4D4F-42C4-B95D-748A1C493276}.Release|Any CPU.Build.0 = Release|Any CPU
		{B9AF56F3-4D4F-42C4-B95D-748A1C493276}.Release|x64.ActiveCfg = Release|Any CPU
		{B9AF56F3-4D4F-42C4-B95D-748A1C493276}.Release|x64.Build.0 = Release|Any CPU
		{B9AF56F3-4D4F-42C4-B95D-748A1C493276}.Release|x86.ActiveCfg = Release|Any CPU
		{B9AF56F3-4D4F-42C4-B95D-748A1C493276}.Release|x86.Build.0 = Release|Any CPU
		{93F9C540-0323-445B-BE34-0C3B9B5C36D8}.Debug|Any CPU.ActiveCfg = Debug|Any CPU
		{93F9C540-0323-445B-BE34-0C3B9B5C36D8}.Debug|Any CPU.Build.0 = Debug|Any CPU
		{93F9C540-0323-445B-BE34-0C3B9B5C36D8}.Debug|x64.ActiveCfg = Debug|Any CPU
		{93F9C540-0323-445B-BE34-0C3B9B5C36D8}.Debug|x64.Build.0 = Debug|Any CPU
		{93F9C540-0323-445B-BE34-0C3B9B5C36D8}.Debug|x86.ActiveCfg = Debug|Any CPU
		{93F9C540-0323-445B-BE34-0C3B9B5C36D8}.Debug|x86.Build.0 = Debug|Any CPU
		{93F9C540-0323-445B-BE34-0C3B9B5C36D8}.Release|Any CPU.ActiveCfg = Release|Any CPU
		{93F9C540-0323-445B-BE34-0C3B9B5C36D8}.Release|Any CPU.Build.0 = Release|Any CPU
		{93F9C540-0323-445B-BE34-0C3B9B5C36D8}.Release|x64.ActiveCfg = Release|Any CPU
		{93F9C540-0323-445B-BE34-0C3B9B5C36D8}.Release|x64.Build.0 = Release|Any CPU
		{93F9C540-0323-445B-BE34-0C3B9B5C36D8}.Release|x86.ActiveCfg = Release|Any CPU
		{93F9C540-0323-445B-BE34-0C3B9B5C36D8}.Release|x86.Build.0 = Release|Any CPU
		{0DA53DD3-608D-4510-8907-E4475A382643}.Debug|Any CPU.ActiveCfg = Debug|Any CPU
		{0DA53DD3-608D-4510-8907-E4475A382643}.Debug|Any CPU.Build.0 = Debug|Any CPU
		{0DA53DD3-608D-4510-8907-E4475A382643}.Debug|x64.ActiveCfg = Debug|Any CPU
		{0DA53DD3-608D-4510-8907-E4475A382643}.Debug|x64.Build.0 = Debug|Any CPU
		{0DA53DD3-608D-4510-8907-E4475A382643}.Debug|x86.ActiveCfg = Debug|Any CPU
		{0DA53DD3-608D-4510-8907-E4475A382643}.Debug|x86.Build.0 = Debug|Any CPU
		{0DA53DD3-608D-4510-8907-E4475A382643}.Release|Any CPU.ActiveCfg = Release|Any CPU
		{0DA53DD3-608D-4510-8907-E4475A382643}.Release|Any CPU.Build.0 = Release|Any CPU
		{0DA53DD3-608D-4510-8907-E4475A382643}.Release|x64.ActiveCfg = Release|Any CPU
		{0DA53DD3-608D-4510-8907-E4475A382643}.Release|x64.Build.0 = Release|Any CPU
		{0DA53DD3-608D-4510-8907-E4475A382643}.Release|x86.ActiveCfg = Release|Any CPU
		{0DA53DD3-608D-4510-8907-E4475A382643}.Release|x86.Build.0 = Release|Any CPU
		{61D4807A-FB33-4197-9FF5-2F6A6402D0D0}.Debug|Any CPU.ActiveCfg = Debug|Any CPU
		{61D4807A-FB33-4197-9FF5-2F6A6402D0D0}.Debug|Any CPU.Build.0 = Debug|Any CPU
		{61D4807A-FB33-4197-9FF5-2F6A6402D0D0}.Debug|x64.ActiveCfg = Debug|Any CPU
		{61D4807A-FB33-4197-9FF5-2F6A6402D0D0}.Debug|x64.Build.0 = Debug|Any CPU
		{61D4807A-FB33-4197-9FF5-2F6A6402D0D0}.Debug|x86.ActiveCfg = Debug|Any CPU
		{61D4807A-FB33-4197-9FF5-2F6A6402D0D0}.Debug|x86.Build.0 = Debug|Any CPU
		{61D4807A-FB33-4197-9FF5-2F6A6402D0D0}.Release|Any CPU.ActiveCfg = Release|Any CPU
		{61D4807A-FB33-4197-9FF5-2F6A6402D0D0}.Release|Any CPU.Build.0 = Release|Any CPU
		{61D4807A-FB33-4197-9FF5-2F6A6402D0D0}.Release|x64.ActiveCfg = Release|Any CPU
		{61D4807A-FB33-4197-9FF5-2F6A6402D0D0}.Release|x64.Build.0 = Release|Any CPU
		{61D4807A-FB33-4197-9FF5-2F6A6402D0D0}.Release|x86.ActiveCfg = Release|Any CPU
		{61D4807A-FB33-4197-9FF5-2F6A6402D0D0}.Release|x86.Build.0 = Release|Any CPU
		{1DFC5B18-FB6B-4752-9F00-95223C4953DD}.Debug|Any CPU.ActiveCfg = Debug|Any CPU
		{1DFC5B18-FB6B-4752-9F00-95223C4953DD}.Debug|Any CPU.Build.0 = Debug|Any CPU
		{1DFC5B18-FB6B-4752-9F00-95223C4953DD}.Debug|x64.ActiveCfg = Debug|Any CPU
		{1DFC5B18-FB6B-4752-9F00-95223C4953DD}.Debug|x64.Build.0 = Debug|Any CPU
		{1DFC5B18-FB6B-4752-9F00-95223C4953DD}.Debug|x86.ActiveCfg = Debug|Any CPU
		{1DFC5B18-FB6B-4752-9F00-95223C4953DD}.Debug|x86.Build.0 = Debug|Any CPU
		{1DFC5B18-FB6B-4752-9F00-95223C4953DD}.Release|Any CPU.ActiveCfg = Release|Any CPU
		{1DFC5B18-FB6B-4752-9F00-95223C4953DD}.Release|Any CPU.Build.0 = Release|Any CPU
		{1DFC5B18-FB6B-4752-9F00-95223C4953DD}.Release|x64.ActiveCfg = Release|Any CPU
		{1DFC5B18-FB6B-4752-9F00-95223C4953DD}.Release|x64.Build.0 = Release|Any CPU
		{1DFC5B18-FB6B-4752-9F00-95223C4953DD}.Release|x86.ActiveCfg = Release|Any CPU
		{1DFC5B18-FB6B-4752-9F00-95223C4953DD}.Release|x86.Build.0 = Release|Any CPU
		{95661D10-383E-4E7B-A7A0-5EE78DF35713}.Debug|Any CPU.ActiveCfg = Debug|Any CPU
		{95661D10-383E-4E7B-A7A0-5EE78DF35713}.Debug|Any CPU.Build.0 = Debug|Any CPU
		{95661D10-383E-4E7B-A7A0-5EE78DF35713}.Debug|x64.ActiveCfg = Debug|x64
		{95661D10-383E-4E7B-A7A0-5EE78DF35713}.Debug|x64.Build.0 = Debug|x64
		{95661D10-383E-4E7B-A7A0-5EE78DF35713}.Debug|x86.ActiveCfg = Debug|x86
		{95661D10-383E-4E7B-A7A0-5EE78DF35713}.Debug|x86.Build.0 = Debug|x86
		{95661D10-383E-4E7B-A7A0-5EE78DF35713}.Release|Any CPU.ActiveCfg = Release|Any CPU
		{95661D10-383E-4E7B-A7A0-5EE78DF35713}.Release|Any CPU.Build.0 = Release|Any CPU
		{95661D10-383E-4E7B-A7A0-5EE78DF35713}.Release|x64.ActiveCfg = Release|x64
		{95661D10-383E-4E7B-A7A0-5EE78DF35713}.Release|x64.Build.0 = Release|x64
		{95661D10-383E-4E7B-A7A0-5EE78DF35713}.Release|x86.ActiveCfg = Release|x86
		{95661D10-383E-4E7B-A7A0-5EE78DF35713}.Release|x86.Build.0 = Release|x86
		{BAB04E17-CC63-46B3-92D3-D9120FAEF0B1}.Debug|Any CPU.ActiveCfg = Debug|Any CPU
		{BAB04E17-CC63-46B3-92D3-D9120FAEF0B1}.Debug|Any CPU.Build.0 = Debug|Any CPU
		{BAB04E17-CC63-46B3-92D3-D9120FAEF0B1}.Debug|x64.ActiveCfg = Debug|Any CPU
		{BAB04E17-CC63-46B3-92D3-D9120FAEF0B1}.Debug|x64.Build.0 = Debug|Any CPU
		{BAB04E17-CC63-46B3-92D3-D9120FAEF0B1}.Debug|x86.ActiveCfg = Debug|Any CPU
		{BAB04E17-CC63-46B3-92D3-D9120FAEF0B1}.Debug|x86.Build.0 = Debug|Any CPU
		{BAB04E17-CC63-46B3-92D3-D9120FAEF0B1}.Release|Any CPU.ActiveCfg = Release|Any CPU
		{BAB04E17-CC63-46B3-92D3-D9120FAEF0B1}.Release|Any CPU.Build.0 = Release|Any CPU
		{BAB04E17-CC63-46B3-92D3-D9120FAEF0B1}.Release|x64.ActiveCfg = Release|Any CPU
		{BAB04E17-CC63-46B3-92D3-D9120FAEF0B1}.Release|x64.Build.0 = Release|Any CPU
		{BAB04E17-CC63-46B3-92D3-D9120FAEF0B1}.Release|x86.ActiveCfg = Release|Any CPU
		{BAB04E17-CC63-46B3-92D3-D9120FAEF0B1}.Release|x86.Build.0 = Release|Any CPU
		{5C10472B-42EA-4A61-A892-F9C89D09DA4E}.Debug|Any CPU.ActiveCfg = Debug|Any CPU
		{5C10472B-42EA-4A61-A892-F9C89D09DA4E}.Debug|Any CPU.Build.0 = Debug|Any CPU
		{5C10472B-42EA-4A61-A892-F9C89D09DA4E}.Debug|x64.ActiveCfg = Debug|Any CPU
		{5C10472B-42EA-4A61-A892-F9C89D09DA4E}.Debug|x64.Build.0 = Debug|Any CPU
		{5C10472B-42EA-4A61-A892-F9C89D09DA4E}.Debug|x86.ActiveCfg = Debug|Any CPU
		{5C10472B-42EA-4A61-A892-F9C89D09DA4E}.Debug|x86.Build.0 = Debug|Any CPU
		{5C10472B-42EA-4A61-A892-F9C89D09DA4E}.Release|Any CPU.ActiveCfg = Release|Any CPU
		{5C10472B-42EA-4A61-A892-F9C89D09DA4E}.Release|Any CPU.Build.0 = Release|Any CPU
		{5C10472B-42EA-4A61-A892-F9C89D09DA4E}.Release|x64.ActiveCfg = Release|Any CPU
		{5C10472B-42EA-4A61-A892-F9C89D09DA4E}.Release|x64.Build.0 = Release|Any CPU
		{5C10472B-42EA-4A61-A892-F9C89D09DA4E}.Release|x86.ActiveCfg = Release|Any CPU
		{5C10472B-42EA-4A61-A892-F9C89D09DA4E}.Release|x86.Build.0 = Release|Any CPU
		{83543A29-3639-422E-90B5-ABFB5CACD6A2}.Debug|Any CPU.ActiveCfg = Debug|Any CPU
		{83543A29-3639-422E-90B5-ABFB5CACD6A2}.Debug|Any CPU.Build.0 = Debug|Any CPU
		{83543A29-3639-422E-90B5-ABFB5CACD6A2}.Debug|x64.ActiveCfg = Debug|Any CPU
		{83543A29-3639-422E-90B5-ABFB5CACD6A2}.Debug|x64.Build.0 = Debug|Any CPU
		{83543A29-3639-422E-90B5-ABFB5CACD6A2}.Debug|x86.ActiveCfg = Debug|Any CPU
		{83543A29-3639-422E-90B5-ABFB5CACD6A2}.Debug|x86.Build.0 = Debug|Any CPU
		{83543A29-3639-422E-90B5-ABFB5CACD6A2}.Release|Any CPU.ActiveCfg = Release|Any CPU
		{83543A29-3639-422E-90B5-ABFB5CACD6A2}.Release|Any CPU.Build.0 = Release|Any CPU
		{83543A29-3639-422E-90B5-ABFB5CACD6A2}.Release|x64.ActiveCfg = Release|Any CPU
		{83543A29-3639-422E-90B5-ABFB5CACD6A2}.Release|x64.Build.0 = Release|Any CPU
		{83543A29-3639-422E-90B5-ABFB5CACD6A2}.Release|x86.ActiveCfg = Release|Any CPU
		{83543A29-3639-422E-90B5-ABFB5CACD6A2}.Release|x86.Build.0 = Release|Any CPU
		{EB1D539A-A1CE-481D-96FB-21159EB03DFA}.Debug|Any CPU.ActiveCfg = Debug|Any CPU
		{EB1D539A-A1CE-481D-96FB-21159EB03DFA}.Debug|Any CPU.Build.0 = Debug|Any CPU
		{EB1D539A-A1CE-481D-96FB-21159EB03DFA}.Debug|x64.ActiveCfg = Debug|Any CPU
		{EB1D539A-A1CE-481D-96FB-21159EB03DFA}.Debug|x64.Build.0 = Debug|Any CPU
		{EB1D539A-A1CE-481D-96FB-21159EB03DFA}.Debug|x86.ActiveCfg = Debug|Any CPU
		{EB1D539A-A1CE-481D-96FB-21159EB03DFA}.Debug|x86.Build.0 = Debug|Any CPU
		{EB1D539A-A1CE-481D-96FB-21159EB03DFA}.Release|Any CPU.ActiveCfg = Release|Any CPU
		{EB1D539A-A1CE-481D-96FB-21159EB03DFA}.Release|Any CPU.Build.0 = Release|Any CPU
		{EB1D539A-A1CE-481D-96FB-21159EB03DFA}.Release|x64.ActiveCfg = Release|Any CPU
		{EB1D539A-A1CE-481D-96FB-21159EB03DFA}.Release|x64.Build.0 = Release|Any CPU
		{EB1D539A-A1CE-481D-96FB-21159EB03DFA}.Release|x86.ActiveCfg = Release|Any CPU
		{EB1D539A-A1CE-481D-96FB-21159EB03DFA}.Release|x86.Build.0 = Release|Any CPU
		{3B61AD8C-589A-40C8-8AA2-23A66CA09A2A}.Debug|Any CPU.ActiveCfg = Debug|Any CPU
		{3B61AD8C-589A-40C8-8AA2-23A66CA09A2A}.Debug|Any CPU.Build.0 = Debug|Any CPU
		{3B61AD8C-589A-40C8-8AA2-23A66CA09A2A}.Debug|x64.ActiveCfg = Debug|Any CPU
		{3B61AD8C-589A-40C8-8AA2-23A66CA09A2A}.Debug|x64.Build.0 = Debug|Any CPU
		{3B61AD8C-589A-40C8-8AA2-23A66CA09A2A}.Debug|x86.ActiveCfg = Debug|Any CPU
		{3B61AD8C-589A-40C8-8AA2-23A66CA09A2A}.Debug|x86.Build.0 = Debug|Any CPU
		{3B61AD8C-589A-40C8-8AA2-23A66CA09A2A}.Release|Any CPU.ActiveCfg = Release|Any CPU
		{3B61AD8C-589A-40C8-8AA2-23A66CA09A2A}.Release|Any CPU.Build.0 = Release|Any CPU
		{3B61AD8C-589A-40C8-8AA2-23A66CA09A2A}.Release|x64.ActiveCfg = Release|Any CPU
		{3B61AD8C-589A-40C8-8AA2-23A66CA09A2A}.Release|x64.Build.0 = Release|Any CPU
		{3B61AD8C-589A-40C8-8AA2-23A66CA09A2A}.Release|x86.ActiveCfg = Release|Any CPU
		{3B61AD8C-589A-40C8-8AA2-23A66CA09A2A}.Release|x86.Build.0 = Release|Any CPU
		{F2ACA4A6-7B95-4A6D-AF57-44ABB6B7D4A2}.Debug|Any CPU.ActiveCfg = Debug|Any CPU
		{F2ACA4A6-7B95-4A6D-AF57-44ABB6B7D4A2}.Debug|Any CPU.Build.0 = Debug|Any CPU
		{F2ACA4A6-7B95-4A6D-AF57-44ABB6B7D4A2}.Debug|x64.ActiveCfg = Debug|Any CPU
		{F2ACA4A6-7B95-4A6D-AF57-44ABB6B7D4A2}.Debug|x64.Build.0 = Debug|Any CPU
		{F2ACA4A6-7B95-4A6D-AF57-44ABB6B7D4A2}.Debug|x86.ActiveCfg = Debug|Any CPU
		{F2ACA4A6-7B95-4A6D-AF57-44ABB6B7D4A2}.Debug|x86.Build.0 = Debug|Any CPU
		{F2ACA4A6-7B95-4A6D-AF57-44ABB6B7D4A2}.Release|Any CPU.ActiveCfg = Release|Any CPU
		{F2ACA4A6-7B95-4A6D-AF57-44ABB6B7D4A2}.Release|Any CPU.Build.0 = Release|Any CPU
		{F2ACA4A6-7B95-4A6D-AF57-44ABB6B7D4A2}.Release|x64.ActiveCfg = Release|Any CPU
		{F2ACA4A6-7B95-4A6D-AF57-44ABB6B7D4A2}.Release|x64.Build.0 = Release|Any CPU
		{F2ACA4A6-7B95-4A6D-AF57-44ABB6B7D4A2}.Release|x86.ActiveCfg = Release|Any CPU
		{F2ACA4A6-7B95-4A6D-AF57-44ABB6B7D4A2}.Release|x86.Build.0 = Release|Any CPU
		{497538AD-A1F1-4DE5-B18A-F6D3DF095D44}.Debug|Any CPU.ActiveCfg = Debug|Any CPU
		{497538AD-A1F1-4DE5-B18A-F6D3DF095D44}.Debug|Any CPU.Build.0 = Debug|Any CPU
		{497538AD-A1F1-4DE5-B18A-F6D3DF095D44}.Debug|x64.ActiveCfg = Debug|Any CPU
		{497538AD-A1F1-4DE5-B18A-F6D3DF095D44}.Debug|x64.Build.0 = Debug|Any CPU
		{497538AD-A1F1-4DE5-B18A-F6D3DF095D44}.Debug|x86.ActiveCfg = Debug|Any CPU
		{497538AD-A1F1-4DE5-B18A-F6D3DF095D44}.Debug|x86.Build.0 = Debug|Any CPU
		{497538AD-A1F1-4DE5-B18A-F6D3DF095D44}.Release|Any CPU.ActiveCfg = Release|Any CPU
		{497538AD-A1F1-4DE5-B18A-F6D3DF095D44}.Release|Any CPU.Build.0 = Release|Any CPU
		{497538AD-A1F1-4DE5-B18A-F6D3DF095D44}.Release|x64.ActiveCfg = Release|Any CPU
		{497538AD-A1F1-4DE5-B18A-F6D3DF095D44}.Release|x64.Build.0 = Release|Any CPU
		{497538AD-A1F1-4DE5-B18A-F6D3DF095D44}.Release|x86.ActiveCfg = Release|Any CPU
		{497538AD-A1F1-4DE5-B18A-F6D3DF095D44}.Release|x86.Build.0 = Release|Any CPU
		{8CBEFB17-70F6-4DFE-AC3A-94B47AB86FFE}.Debug|Any CPU.ActiveCfg = Debug|Any CPU
		{8CBEFB17-70F6-4DFE-AC3A-94B47AB86FFE}.Debug|Any CPU.Build.0 = Debug|Any CPU
		{8CBEFB17-70F6-4DFE-AC3A-94B47AB86FFE}.Debug|x64.ActiveCfg = Debug|Any CPU
		{8CBEFB17-70F6-4DFE-AC3A-94B47AB86FFE}.Debug|x64.Build.0 = Debug|Any CPU
		{8CBEFB17-70F6-4DFE-AC3A-94B47AB86FFE}.Debug|x86.ActiveCfg = Debug|Any CPU
		{8CBEFB17-70F6-4DFE-AC3A-94B47AB86FFE}.Debug|x86.Build.0 = Debug|Any CPU
		{8CBEFB17-70F6-4DFE-AC3A-94B47AB86FFE}.Release|Any CPU.ActiveCfg = Release|Any CPU
		{8CBEFB17-70F6-4DFE-AC3A-94B47AB86FFE}.Release|Any CPU.Build.0 = Release|Any CPU
		{8CBEFB17-70F6-4DFE-AC3A-94B47AB86FFE}.Release|x64.ActiveCfg = Release|Any CPU
		{8CBEFB17-70F6-4DFE-AC3A-94B47AB86FFE}.Release|x64.Build.0 = Release|Any CPU
		{8CBEFB17-70F6-4DFE-AC3A-94B47AB86FFE}.Release|x86.ActiveCfg = Release|Any CPU
		{8CBEFB17-70F6-4DFE-AC3A-94B47AB86FFE}.Release|x86.Build.0 = Release|Any CPU
		{1179DD83-896C-466A-A893-B214252EDD8B}.Debug|Any CPU.ActiveCfg = Debug|Any CPU
		{1179DD83-896C-466A-A893-B214252EDD8B}.Debug|Any CPU.Build.0 = Debug|Any CPU
		{1179DD83-896C-466A-A893-B214252EDD8B}.Debug|x64.ActiveCfg = Debug|Any CPU
		{1179DD83-896C-466A-A893-B214252EDD8B}.Debug|x64.Build.0 = Debug|Any CPU
		{1179DD83-896C-466A-A893-B214252EDD8B}.Debug|x86.ActiveCfg = Debug|Any CPU
		{1179DD83-896C-466A-A893-B214252EDD8B}.Debug|x86.Build.0 = Debug|Any CPU
		{1179DD83-896C-466A-A893-B214252EDD8B}.Release|Any CPU.ActiveCfg = Release|Any CPU
		{1179DD83-896C-466A-A893-B214252EDD8B}.Release|Any CPU.Build.0 = Release|Any CPU
		{1179DD83-896C-466A-A893-B214252EDD8B}.Release|x64.ActiveCfg = Release|Any CPU
		{1179DD83-896C-466A-A893-B214252EDD8B}.Release|x64.Build.0 = Release|Any CPU
		{1179DD83-896C-466A-A893-B214252EDD8B}.Release|x86.ActiveCfg = Release|Any CPU
		{1179DD83-896C-466A-A893-B214252EDD8B}.Release|x86.Build.0 = Release|Any CPU
		{9B91E0A9-F2A4-4ACA-9D50-8715881691A5}.Debug|Any CPU.ActiveCfg = Debug|Any CPU
		{9B91E0A9-F2A4-4ACA-9D50-8715881691A5}.Debug|Any CPU.Build.0 = Debug|Any CPU
		{9B91E0A9-F2A4-4ACA-9D50-8715881691A5}.Debug|x64.ActiveCfg = Debug|Any CPU
		{9B91E0A9-F2A4-4ACA-9D50-8715881691A5}.Debug|x64.Build.0 = Debug|Any CPU
		{9B91E0A9-F2A4-4ACA-9D50-8715881691A5}.Debug|x86.ActiveCfg = Debug|Any CPU
		{9B91E0A9-F2A4-4ACA-9D50-8715881691A5}.Debug|x86.Build.0 = Debug|Any CPU
		{9B91E0A9-F2A4-4ACA-9D50-8715881691A5}.Release|Any CPU.ActiveCfg = Release|Any CPU
		{9B91E0A9-F2A4-4ACA-9D50-8715881691A5}.Release|Any CPU.Build.0 = Release|Any CPU
		{9B91E0A9-F2A4-4ACA-9D50-8715881691A5}.Release|x64.ActiveCfg = Release|Any CPU
		{9B91E0A9-F2A4-4ACA-9D50-8715881691A5}.Release|x64.Build.0 = Release|Any CPU
		{9B91E0A9-F2A4-4ACA-9D50-8715881691A5}.Release|x86.ActiveCfg = Release|Any CPU
		{9B91E0A9-F2A4-4ACA-9D50-8715881691A5}.Release|x86.Build.0 = Release|Any CPU
		{F55310BA-31AD-41AE-A0E5-EABC1CA17CCA}.Debug|Any CPU.ActiveCfg = Debug|Any CPU
		{F55310BA-31AD-41AE-A0E5-EABC1CA17CCA}.Debug|Any CPU.Build.0 = Debug|Any CPU
		{F55310BA-31AD-41AE-A0E5-EABC1CA17CCA}.Debug|x64.ActiveCfg = Debug|Any CPU
		{F55310BA-31AD-41AE-A0E5-EABC1CA17CCA}.Debug|x64.Build.0 = Debug|Any CPU
		{F55310BA-31AD-41AE-A0E5-EABC1CA17CCA}.Debug|x86.ActiveCfg = Debug|Any CPU
		{F55310BA-31AD-41AE-A0E5-EABC1CA17CCA}.Debug|x86.Build.0 = Debug|Any CPU
		{F55310BA-31AD-41AE-A0E5-EABC1CA17CCA}.Release|Any CPU.ActiveCfg = Release|Any CPU
		{F55310BA-31AD-41AE-A0E5-EABC1CA17CCA}.Release|Any CPU.Build.0 = Release|Any CPU
		{F55310BA-31AD-41AE-A0E5-EABC1CA17CCA}.Release|x64.ActiveCfg = Release|Any CPU
		{F55310BA-31AD-41AE-A0E5-EABC1CA17CCA}.Release|x64.Build.0 = Release|Any CPU
		{F55310BA-31AD-41AE-A0E5-EABC1CA17CCA}.Release|x86.ActiveCfg = Release|Any CPU
		{F55310BA-31AD-41AE-A0E5-EABC1CA17CCA}.Release|x86.Build.0 = Release|Any CPU
		{69DE56A8-273D-475F-BCF0-577DFD30A036}.Debug|Any CPU.ActiveCfg = Debug|Any CPU
		{69DE56A8-273D-475F-BCF0-577DFD30A036}.Debug|Any CPU.Build.0 = Debug|Any CPU
		{69DE56A8-273D-475F-BCF0-577DFD30A036}.Debug|x64.ActiveCfg = Debug|Any CPU
		{69DE56A8-273D-475F-BCF0-577DFD30A036}.Debug|x64.Build.0 = Debug|Any CPU
		{69DE56A8-273D-475F-BCF0-577DFD30A036}.Debug|x86.ActiveCfg = Debug|Any CPU
		{69DE56A8-273D-475F-BCF0-577DFD30A036}.Debug|x86.Build.0 = Debug|Any CPU
		{69DE56A8-273D-475F-BCF0-577DFD30A036}.Release|Any CPU.ActiveCfg = Release|Any CPU
		{69DE56A8-273D-475F-BCF0-577DFD30A036}.Release|Any CPU.Build.0 = Release|Any CPU
		{69DE56A8-273D-475F-BCF0-577DFD30A036}.Release|x64.ActiveCfg = Release|Any CPU
		{69DE56A8-273D-475F-BCF0-577DFD30A036}.Release|x64.Build.0 = Release|Any CPU
		{69DE56A8-273D-475F-BCF0-577DFD30A036}.Release|x86.ActiveCfg = Release|Any CPU
		{69DE56A8-273D-475F-BCF0-577DFD30A036}.Release|x86.Build.0 = Release|Any CPU
		{49787B0C-B1B4-42E0-9E2C-6C769FF90C5E}.Debug|Any CPU.ActiveCfg = Debug|Any CPU
		{49787B0C-B1B4-42E0-9E2C-6C769FF90C5E}.Debug|Any CPU.Build.0 = Debug|Any CPU
		{49787B0C-B1B4-42E0-9E2C-6C769FF90C5E}.Debug|x64.ActiveCfg = Debug|Any CPU
		{49787B0C-B1B4-42E0-9E2C-6C769FF90C5E}.Debug|x64.Build.0 = Debug|Any CPU
		{49787B0C-B1B4-42E0-9E2C-6C769FF90C5E}.Debug|x86.ActiveCfg = Debug|Any CPU
		{49787B0C-B1B4-42E0-9E2C-6C769FF90C5E}.Debug|x86.Build.0 = Debug|Any CPU
		{49787B0C-B1B4-42E0-9E2C-6C769FF90C5E}.Release|Any CPU.ActiveCfg = Release|Any CPU
		{49787B0C-B1B4-42E0-9E2C-6C769FF90C5E}.Release|Any CPU.Build.0 = Release|Any CPU
		{49787B0C-B1B4-42E0-9E2C-6C769FF90C5E}.Release|x64.ActiveCfg = Release|Any CPU
		{49787B0C-B1B4-42E0-9E2C-6C769FF90C5E}.Release|x64.Build.0 = Release|Any CPU
		{49787B0C-B1B4-42E0-9E2C-6C769FF90C5E}.Release|x86.ActiveCfg = Release|Any CPU
		{49787B0C-B1B4-42E0-9E2C-6C769FF90C5E}.Release|x86.Build.0 = Release|Any CPU
		{7A7735B2-B4DD-46E0-807E-A7420538BAE9}.Debug|Any CPU.ActiveCfg = Debug|Any CPU
		{7A7735B2-B4DD-46E0-807E-A7420538BAE9}.Debug|Any CPU.Build.0 = Debug|Any CPU
		{7A7735B2-B4DD-46E0-807E-A7420538BAE9}.Debug|x64.ActiveCfg = Debug|Any CPU
		{7A7735B2-B4DD-46E0-807E-A7420538BAE9}.Debug|x64.Build.0 = Debug|Any CPU
		{7A7735B2-B4DD-46E0-807E-A7420538BAE9}.Debug|x86.ActiveCfg = Debug|Any CPU
		{7A7735B2-B4DD-46E0-807E-A7420538BAE9}.Debug|x86.Build.0 = Debug|Any CPU
		{7A7735B2-B4DD-46E0-807E-A7420538BAE9}.Release|Any CPU.ActiveCfg = Release|Any CPU
		{7A7735B2-B4DD-46E0-807E-A7420538BAE9}.Release|Any CPU.Build.0 = Release|Any CPU
		{7A7735B2-B4DD-46E0-807E-A7420538BAE9}.Release|x64.ActiveCfg = Release|Any CPU
		{7A7735B2-B4DD-46E0-807E-A7420538BAE9}.Release|x64.Build.0 = Release|Any CPU
		{7A7735B2-B4DD-46E0-807E-A7420538BAE9}.Release|x86.ActiveCfg = Release|Any CPU
		{7A7735B2-B4DD-46E0-807E-A7420538BAE9}.Release|x86.Build.0 = Release|Any CPU
		{DA83043A-8258-4964-93CE-5FDB50E13305}.Debug|Any CPU.ActiveCfg = Debug|Any CPU
		{DA83043A-8258-4964-93CE-5FDB50E13305}.Debug|Any CPU.Build.0 = Debug|Any CPU
		{DA83043A-8258-4964-93CE-5FDB50E13305}.Debug|x64.ActiveCfg = Debug|Any CPU
		{DA83043A-8258-4964-93CE-5FDB50E13305}.Debug|x64.Build.0 = Debug|Any CPU
		{DA83043A-8258-4964-93CE-5FDB50E13305}.Debug|x86.ActiveCfg = Debug|Any CPU
		{DA83043A-8258-4964-93CE-5FDB50E13305}.Debug|x86.Build.0 = Debug|Any CPU
		{DA83043A-8258-4964-93CE-5FDB50E13305}.Release|Any CPU.ActiveCfg = Release|Any CPU
		{DA83043A-8258-4964-93CE-5FDB50E13305}.Release|Any CPU.Build.0 = Release|Any CPU
		{DA83043A-8258-4964-93CE-5FDB50E13305}.Release|x64.ActiveCfg = Release|Any CPU
		{DA83043A-8258-4964-93CE-5FDB50E13305}.Release|x64.Build.0 = Release|Any CPU
		{DA83043A-8258-4964-93CE-5FDB50E13305}.Release|x86.ActiveCfg = Release|Any CPU
		{DA83043A-8258-4964-93CE-5FDB50E13305}.Release|x86.Build.0 = Release|Any CPU
		{837580D2-17FA-4AFF-B747-0C0DB29A990E}.Debug|Any CPU.ActiveCfg = Debug|Any CPU
		{837580D2-17FA-4AFF-B747-0C0DB29A990E}.Debug|Any CPU.Build.0 = Debug|Any CPU
		{837580D2-17FA-4AFF-B747-0C0DB29A990E}.Debug|x64.ActiveCfg = Debug|Any CPU
		{837580D2-17FA-4AFF-B747-0C0DB29A990E}.Debug|x64.Build.0 = Debug|Any CPU
		{837580D2-17FA-4AFF-B747-0C0DB29A990E}.Debug|x86.ActiveCfg = Debug|Any CPU
		{837580D2-17FA-4AFF-B747-0C0DB29A990E}.Debug|x86.Build.0 = Debug|Any CPU
		{837580D2-17FA-4AFF-B747-0C0DB29A990E}.Release|Any CPU.ActiveCfg = Release|Any CPU
		{837580D2-17FA-4AFF-B747-0C0DB29A990E}.Release|Any CPU.Build.0 = Release|Any CPU
		{837580D2-17FA-4AFF-B747-0C0DB29A990E}.Release|x64.ActiveCfg = Release|Any CPU
		{837580D2-17FA-4AFF-B747-0C0DB29A990E}.Release|x64.Build.0 = Release|Any CPU
		{837580D2-17FA-4AFF-B747-0C0DB29A990E}.Release|x86.ActiveCfg = Release|Any CPU
		{837580D2-17FA-4AFF-B747-0C0DB29A990E}.Release|x86.Build.0 = Release|Any CPU
	EndGlobalSection
	GlobalSection(SolutionProperties) = preSolution
		HideSolutionNode = FALSE
	EndGlobalSection
	GlobalSection(NestedProjects) = preSolution
		{B2B4C1F3-94E1-49D6-85D5-5B38DE1610FE} = {80F1451C-6FDC-4B58-8AA7-57913C924A12}
		{99CB5062-5F5A-4F3E-A27B-C15843AE8368} = {80F1451C-6FDC-4B58-8AA7-57913C924A12}
		{F082EB28-AA1D-4C02-9281-1327A27D8F13} = {80F1451C-6FDC-4B58-8AA7-57913C924A12}
		{B9AF56F3-4D4F-42C4-B95D-748A1C493276} = {0BCAA577-FFF4-42CC-8D9A-3CE5A5D5AD4B}
		{93F9C540-0323-445B-BE34-0C3B9B5C36D8} = {80F1451C-6FDC-4B58-8AA7-57913C924A12}
		{95661D10-383E-4E7B-A7A0-5EE78DF35713} = {80F1451C-6FDC-4B58-8AA7-57913C924A12}
		{BAB04E17-CC63-46B3-92D3-D9120FAEF0B1} = {80F1451C-6FDC-4B58-8AA7-57913C924A12}
		{5C10472B-42EA-4A61-A892-F9C89D09DA4E} = {80F1451C-6FDC-4B58-8AA7-57913C924A12}
		{83543A29-3639-422E-90B5-ABFB5CACD6A2} = {80F1451C-6FDC-4B58-8AA7-57913C924A12}
		{EB1D539A-A1CE-481D-96FB-21159EB03DFA} = {80F1451C-6FDC-4B58-8AA7-57913C924A12}
		{F2ACA4A6-7B95-4A6D-AF57-44ABB6B7D4A2} = {80F1451C-6FDC-4B58-8AA7-57913C924A12}
		{497538AD-A1F1-4DE5-B18A-F6D3DF095D44} = {80F1451C-6FDC-4B58-8AA7-57913C924A12}
		{8CBEFB17-70F6-4DFE-AC3A-94B47AB86FFE} = {336D329B-78B9-4454-BA0E-A8CF4A5F669F}
		{1179DD83-896C-466A-A893-B214252EDD8B} = {336D329B-78B9-4454-BA0E-A8CF4A5F669F}
		{9B91E0A9-F2A4-4ACA-9D50-8715881691A5} = {336D329B-78B9-4454-BA0E-A8CF4A5F669F}
		{F55310BA-31AD-41AE-A0E5-EABC1CA17CCA} = {336D329B-78B9-4454-BA0E-A8CF4A5F669F}
		{69DE56A8-273D-475F-BCF0-577DFD30A036} = {336D329B-78B9-4454-BA0E-A8CF4A5F669F}
		{49787B0C-B1B4-42E0-9E2C-6C769FF90C5E} = {336D329B-78B9-4454-BA0E-A8CF4A5F669F}
		{7A7735B2-B4DD-46E0-807E-A7420538BAE9} = {80F1451C-6FDC-4B58-8AA7-57913C924A12}
		{DA83043A-8258-4964-93CE-5FDB50E13305} = {336D329B-78B9-4454-BA0E-A8CF4A5F669F}
		{837580D2-17FA-4AFF-B747-0C0DB29A990E} = {80F1451C-6FDC-4B58-8AA7-57913C924A12}
	EndGlobalSection
	GlobalSection(ExtensibilityGlobals) = postSolution
		SolutionGuid = {633B7189-CF12-430C-806C-77F30240DF34}
	EndGlobalSection
EndGlobal
